
Microsoft Visual Studio Solution File, Format Version 11.00
# Visual Studio 2010
Project("{FAE04EC0-301F-11D3-BF4B-00C04F79EFBC}") = "PalashDynamics.Controls.AutoCompleteComboBox", "PalashDynamics.Controls.AutoCompleteComboBox\PalashDynamics.Controls.AutoCompleteComboBox.csproj", "{F0509F45-4915-4824-9709-9F957E5528CE}"
EndProject
Project("{FAE04EC0-301F-11D3-BF4B-00C04F79EFBC}") = "com.seedhealthcare.hms.ConfigurationManager", "SupportComponents\com.seedhealthcare.hms.ConfigurationManager\com.seedhealthcare.hms.ConfigurationManager.csproj", "{35D02055-6D80-4055-9BB2-70E8D9E289EC}"
EndProject
Project("{FAE04EC0-301F-11D3-BF4B-00C04F79EFBC}") = "OPDModule", "OPDModule\OPDModule.csproj", "{4993806D-1D67-490B-BDD0-D71A25E03245}"
EndProject
Project("{FAE04EC0-301F-11D3-BF4B-00C04F79EFBC}") = "PalashDynamics.ValueObjects", "PalashDynamics.ValueObjects\PalashDynamics.ValueObjects.csproj", "{DC112F80-EDDC-4B6F-B1B1-FA313764A20D}"
EndProject
Project("{FAE04EC0-301F-11D3-BF4B-00C04F79EFBC}") = "PalashDynamics.DataAccessLayer", "PalashDynamics.DataAccessLayer\PalashDynamics.DataAccessLayer.csproj", "{03BE1018-E811-44E1-934C-0D4C32324176}"
	ProjectSection(ProjectDependencies) = postProject
		{086E4E26-FE28-4505-A54B-412FDD7B0D15} = {086E4E26-FE28-4505-A54B-412FDD7B0D15}
		{6ED21B3D-4E8F-4F2D-9EF5-2A352D2E8F4F} = {6ED21B3D-4E8F-4F2D-9EF5-2A352D2E8F4F}
		{35D02055-6D80-4055-9BB2-70E8D9E289EC} = {35D02055-6D80-4055-9BB2-70E8D9E289EC}
		{DC112F80-EDDC-4B6F-B1B1-FA313764A20D} = {DC112F80-EDDC-4B6F-B1B1-FA313764A20D}
	EndProjectSection
EndProject
Project("{FAE04EC0-301F-11D3-BF4B-00C04F79EFBC}") = "PalashDynamics.BusinessLayer", "PalashDynamics.BusinessLayer\PalashDynamics.BusinessLayer.csproj", "{3B4C8D68-9C94-4039-8601-FF1BA3B6108E}"
	ProjectSection(ProjectDependencies) = postProject
		{03BE1018-E811-44E1-934C-0D4C32324176} = {03BE1018-E811-44E1-934C-0D4C32324176}
		{086E4E26-FE28-4505-A54B-412FDD7B0D15} = {086E4E26-FE28-4505-A54B-412FDD7B0D15}
		{6ED21B3D-4E8F-4F2D-9EF5-2A352D2E8F4F} = {6ED21B3D-4E8F-4F2D-9EF5-2A352D2E8F4F}
		{35D02055-6D80-4055-9BB2-70E8D9E289EC} = {35D02055-6D80-4055-9BB2-70E8D9E289EC}
		{DC112F80-EDDC-4B6F-B1B1-FA313764A20D} = {DC112F80-EDDC-4B6F-B1B1-FA313764A20D}
	EndProjectSection
EndProject
Project("{FAE04EC0-301F-11D3-BF4B-00C04F79EFBC}") = "PalashDynamics.SilverLight.ValueObjects", "PalashDynamics.SilverLight.ValueObjects\PalashDynamics.SilverLight.ValueObjects.csproj", "{32811E3E-20E6-4CEA-92FA-06169FA302D5}"
EndProject
Project("{FAE04EC0-301F-11D3-BF4B-00C04F79EFBC}") = "com.seedhealthcare.hms.Logging", "SupportComponents\com.seedhealthcare.hms.Logging\com.seedhealthcare.hms.Logging.csproj", "{6ED21B3D-4E8F-4F2D-9EF5-2A352D2E8F4F}"
EndProject
Project("{FAE04EC0-301F-11D3-BF4B-00C04F79EFBC}") = "com.seedhealthcare.hms.CustomExceptions", "SupportComponents\com.seedhealthcare.hms.CustomExceptions\com.seedhealthcare.hms.CustomExceptions.csproj", "{086E4E26-FE28-4505-A54B-412FDD7B0D15}"
EndProject
Project("{FAE04EC0-301F-11D3-BF4B-00C04F79EFBC}") = "PalashDynamics.Converters", "PalashDynamics.Converters\PalashDynamics.Converters.csproj", "{EBF1EF95-D295-4CC7-A48D-584D62FEE806}"
EndProject
Project("{FAE04EC0-301F-11D3-BF4B-00C04F79EFBC}") = "CIMS.IConfigurationSettings", "CIMS.IConfigurationSettings\CIMS.IConfigurationSettings.csproj", "{DDA34127-FB33-44DE-BF26-2D6CF3B47C5D}"
EndProject
Project("{FAE04EC0-301F-11D3-BF4B-00C04F79EFBC}") = "PalashDynamics.Collections.PagedSortableCollectionView", "PalashDynamics.Collections.PagedSortableCollectionView\PalashDynamics.Collections.PagedSortableCollectionView.csproj", "{63D0041D-2109-43E9-BC7E-0C0B82BDBEA0}"
EndProject
Project("{FAE04EC0-301F-11D3-BF4B-00C04F79EFBC}") = "PalashDynamics.UserControls.WaitIndicator", "PalashDynamics.UserControls.WaitIndicator\PalashDynamics.UserControls.WaitIndicator.csproj", "{CF96832F-1124-4049-8094-E2F11B912637}"
EndProject
Project("{FAE04EC0-301F-11D3-BF4B-00C04F79EFBC}") = "PalashDynamics.Extension", "PalashDynamics.Extension\PalashDynamics.Extension.csproj", "{DFF09A36-18A4-43D5-B852-CF6DB0D5A148}"
EndProject
Project("{FAE04EC0-301F-11D3-BF4B-00C04F79EFBC}") = "PalashDynamics.Administration", "PalashDynamics.Administration\PalashDynamics.Administration.csproj", "{5BBF7708-7343-4373-88B8-60F339BA97D0}"
EndProject
Project("{FAE04EC0-301F-11D3-BF4B-00C04F79EFBC}") = "PalashDynamics.Animations.Swivel", "PalashDynamics.Animations.Swivel\PalashDynamics.Animations.Swivel.csproj", "{FC1E990A-B67E-45D9-AAB5-01D4E4A61DB4}"
EndProject
Project("{FAE04EC0-301F-11D3-BF4B-00C04F79EFBC}") = "PalashDynamics.Pharmacy", "PalashDynamics.Pharmacy\PalashDynamics.Pharmacy.csproj", "{B52B56A5-711C-4869-8579-3E2BD83589D8}"
EndProject
Project("{2150E333-8FDC-42A3-9474-1A3956D46DE8}") = "Client", "Client", "{57D451C2-647D-44D4-AB32-A6C957C16E77}"
EndProject
Project("{2150E333-8FDC-42A3-9474-1A3956D46DE8}") = "Library", "Library", "{45EE1BC7-C55D-45C9-A0FB-CE6FA4C011BC}"
	ProjectSection(SolutionItems) = preProject
		Library\Autofac.dll = Library\Autofac.dll
		Library\Autofac.Integration.Web.dll = Library\Autofac.Integration.Web.dll
		Library\Blacklight.Silverlight.Controls.dll = Library\Blacklight.Silverlight.Controls.dll
		Library\FJ.Core.dll = Library\FJ.Core.dll
		Library\FreeHtmlHost.dll = Library\FreeHtmlHost.dll
		Library\GeoCoding.dll = Library\GeoCoding.dll
		Library\Groupbox.dll = Library\Groupbox.dll
		Library\ICSharpCode.SharpZLib.Silverlight.dll = Library\ICSharpCode.SharpZLib.Silverlight.dll
		OPDModule\Bin\Debug\ImageTools.Controls.dll = OPDModule\Bin\Debug\ImageTools.Controls.dll
		OPDModule\Bin\Debug\ImageTools.dll = OPDModule\Bin\Debug\ImageTools.dll
		Library\ImageTools.IO.Bmp.dll = Library\ImageTools.IO.Bmp.dll
		OPDModule\Bin\Debug\ImageTools.IO.Png.dll = OPDModule\Bin\Debug\ImageTools.IO.Png.dll
		OPDModule\Bin\Debug\ImageTools.Utils.dll = OPDModule\Bin\Debug\ImageTools.Utils.dll
		Library\Liquid.dll = Library\Liquid.dll
		Library\Liquid.Popup.dll = Library\Liquid.Popup.dll
		Library\Liquid.RichText.dll = Library\Liquid.RichText.dll
		Library\Microsoft.Practices.Composite.dll = Library\Microsoft.Practices.Composite.dll
		Library\PalashDynamics.IApplicationConfiguration.dll = Library\PalashDynamics.IApplicationConfiguration.dll
		Library\SLControlLibrary.dll = Library\SLControlLibrary.dll
		Library\System.Windows.dll = Library\System.Windows.dll
	EndProjectSection
EndProject
Project("{2150E333-8FDC-42A3-9474-1A3956D46DE8}") = "Server", "Server", "{612D1C7E-646C-462D-B444-B4A50EA0E0E4}"
EndProject
Project("{2150E333-8FDC-42A3-9474-1A3956D46DE8}") = "SupportComponents", "SupportComponents", "{18D8BFD0-DCD2-4C43-A62E-19A555AC1284}"
EndProject
Project("{2150E333-8FDC-42A3-9474-1A3956D46DE8}") = "UserControls", "UserControls", "{4FCD476F-58B4-40AC-A09B-8CC001563C07}"
EndProject
Project("{FAE04EC0-301F-11D3-BF4B-00C04F79EFBC}") = "PalashDynamics.CRM", "PalashDynamics.CRM\PalashDynamics.CRM.csproj", "{A9D626F9-FBBB-4298-8709-9416FE745A31}"
EndProject
Project("{FAE04EC0-301F-11D3-BF4B-00C04F79EFBC}") = "PalashDynamics.Pathology", "PalashDynamics.Pathology\PalashDynamics.Pathology.csproj", "{85A8DB2F-D545-4738-971C-32C1311FC730}"
EndProject
Project("{FAE04EC0-301F-11D3-BF4B-00C04F79EFBC}") = "PalashDynamics.WaterMarkTextBox", "PalashDynamics.WaterMarkTextBox\PalashDynamics.WaterMarkTextBox.csproj", "{1B114BF8-F1E2-4EC6-AAA2-A69E4FFE24D7}"
EndProject
Project("{FAE04EC0-301F-11D3-BF4B-00C04F79EFBC}") = "PalashDynamics.MIS", "PalashDynamics.MIS\PalashDynamics.MIS.csproj", "{68EF3491-14CD-44FB-9516-2C24389B4C3D}"
EndProject
Project("{FAE04EC0-301F-11D3-BF4B-00C04F79EFBC}") = "DataDrivenApplication", "DataDrivenApplication\DataDrivenApplication.csproj", "{D4C15416-161D-4A6F-9BF9-BC19CBB3CB50}"
EndProject
Project("{2150E333-8FDC-42A3-9474-1A3956D46DE8}") = "SetupProject", "SetupProject", "{E6FA6569-2129-4AFA-8B39-7CAEBBA76581}"
EndProject
Project("{FAE04EC0-301F-11D3-BF4B-00C04F79EFBC}") = "MessageBoxControl", "PalashDynamics.MessageBoxControl\MessageBoxControl\MessageBoxControl.csproj", "{78B9F420-8B2A-4AEC-A9C8-2A24F8E03FD7}"
EndProject
Project("{2150E333-8FDC-42A3-9474-1A3956D46DE8}") = "OtherUtilities", "OtherUtilities", "{597505EB-4E64-4CCF-B428-0B23A6605692}"
EndProject
Project("{F184B08F-C81C-45F6-A57F-5ABD9991F28F}") = "Palash Auto Email Notifications", "Palash Auto Email Notifications\Palash Auto Email Notifications\Palash Auto Email Notifications.vbproj", "{2900B43B-1031-4C0F-96D6-CD02C2D68623}"
EndProject
Project("{F184B08F-C81C-45F6-A57F-5ABD9991F28F}") = "ExportToExcel", "ExportToExcel\ExportToExcel.vbproj", "{8F4C223E-4A6F-4053-9DBE-66429248A2DE}"
EndProject
Project("{FAE04EC0-301F-11D3-BF4B-00C04F79EFBC}") = "MIS", "MIS\MIS.csproj", "{8E8A23B5-2084-43DB-8C93-054EDFC1D3F1}"
EndProject
Project("{54435603-DBB4-11D2-8724-00A0C9A8B90C}") = "PalashMISWindowsServiceSetup", "PalashMISWindowsService\PalashMISWindowsService.vdproj", "{A95339D4-D201-4DC8-B57B-596441944173}"
EndProject
Project("{FAE04EC0-301F-11D3-BF4B-00C04F79EFBC}") = "PalashDynamics", "PalashDynamics\PalashDynamics.csproj", "{F07BDF15-682C-4C83-86FA-75960D32B662}"
EndProject
Project("{54435603-DBB4-11D2-8724-00A0C9A8B90C}") = "PalashWebSetup", "PalashWebSetup\RAZIClinicWebSetup.vdproj", "{92D3A07A-286F-4FD0-8F08-069AE8437BAA}"
EndProject
Project("{FAE04EC0-301F-11D3-BF4B-00C04F79EFBC}") = "PalashDynamics.Service", "PalashDynamics.Service\PalashDynamics.Service.csproj", "{76CF4EF0-257A-4D90-96B2-FAF9AFE0751C}"
EndProject
Project("{FAE04EC0-301F-11D3-BF4B-00C04F79EFBC}") = "PalashDynamics.Radiology", "PalashDynamics.Radiology\PalashDynamics.Radiology.csproj", "{B3BCD567-59D0-443A-8D0A-AD936DCB2565}"
EndProject
Project("{FAE04EC0-301F-11D3-BF4B-00C04F79EFBC}") = "RichTextEditor", "RichTextEditor\RichTextEditor.csproj", "{C7A2FD85-3455-4CC4-8DF4-960707AB3EBA}"
EndProject
Project("{FAE04EC0-301F-11D3-BF4B-00C04F79EFBC}") = "PalashDynamics.SearchResultLists", "PalashDynamics.SearchResultLists\PalashDynamics.SearchResultLists.csproj", "{1222821C-4F56-416A-8F9D-A861422ABC29}"
EndProject
Project("{FAE04EC0-301F-11D3-BF4B-00C04F79EFBC}") = "PalashDynamics.OperationTheatre", "PalashDynamics.OperationTheatre\PalashDynamics.OperationTheatre.csproj", "{01039850-64B9-450A-B4CF-2CE907AB92E5}"
EndProject
Project("{FAE04EC0-301F-11D3-BF4B-00C04F79EFBC}") = "PalashDynamics.IVF", "PalashDynamics.IVF\PalashDynamics.IVF.csproj", "{03EF3E6D-740E-427C-8C09-D9B7787D6EE1}"
EndProject
Project("{FAE04EC0-301F-11D3-BF4B-00C04F79EFBC}") = "WindowsFormsApplication1", "WindowsFormsApplication1\WindowsFormsApplication1.csproj", "{77E8A490-BE85-4EB1-B8A2-C4F80784C4E5}"
EndProject
Project("{2150E333-8FDC-42A3-9474-1A3956D46DE8}") = "TestProject", "TestProject", "{D67D50C5-0C33-48AD-AF77-026A6C0E1C1A}"
EndProject
Project("{FAE04EC0-301F-11D3-BF4B-00C04F79EFBC}") = "PalashDynamics.IPD", "PalashDynamics.IPD\PalashDynamics.IPD.csproj", "{B67F97EC-FAC0-4ACC-B9B6-7DB7FD0CB487}"
EndProject
Project("{FAE04EC0-301F-11D3-BF4B-00C04F79EFBC}") = "SendMedicineReminder", "SendMedicineReminder\SendMedicineReminder.csproj", "{35480BA3-4177-4191-9B10-7D2E64192FAC}"
EndProject
Project("{54435603-DBB4-11D2-8724-00A0C9A8B90C}") = "IVFSMC32bit", "IVFSMC32bit\IVFSMC32bit.vdproj", "{3FBE4C16-26FC-4836-BBC0-A0BFFD943719}"
EndProject
Project("{54435603-DBB4-11D2-8724-00A0C9A8B90C}") = "AakanshaIVF64bit", "AakanshaIVF64bit\AakanshaIVF64bit.vdproj", "{99477CE9-4CF7-4418-AA9F-EF5E59CAC9D4}"
EndProject
Project("{FAE04EC0-301F-11D3-BF4B-00C04F79EFBC}") = "PalashDynamic.Localization", "PalashDynamic.Localization\PalashDynamic.Localization.csproj", "{C79BA59E-5157-40A1-BC4A-6335984B92FD}"
EndProject
Project("{FAE04EC0-301F-11D3-BF4B-00C04F79EFBC}") = "EMR", "EMR\EMR.csproj", "{2871F480-4A5F-411A-979B-8BD99AA2774D}"
EndProject
Project("{2150E333-8FDC-42A3-9474-1A3956D46DE8}") = "ComponentOne", "ComponentOne", "{089868C2-BCF0-406C-AC72-08067E4E4ECC}"
	ProjectSection(SolutionItems) = preProject
		Library\ComponentOne\C1.Silverlight.Analytics.dll = Library\ComponentOne\C1.Silverlight.Analytics.dll
		Library\ComponentOne\C1.Silverlight.Automation.dll = Library\ComponentOne\C1.Silverlight.Automation.dll
		Library\ComponentOne\C1.Silverlight.Carousel.dll = Library\ComponentOne\C1.Silverlight.Carousel.dll
		Library\ComponentOne\C1.Silverlight.Chart.dll = Library\ComponentOne\C1.Silverlight.Chart.dll
		Library\ComponentOne\C1.Silverlight.Chart.Editor.dll = Library\ComponentOne\C1.Silverlight.Chart.Editor.dll
		Library\ComponentOne\C1.Silverlight.Chart.Extended.dll = Library\ComponentOne\C1.Silverlight.Chart.Extended.dll
		Library\ComponentOne\C1.Silverlight.Chart3D.dll = Library\ComponentOne\C1.Silverlight.Chart3D.dll
		Library\ComponentOne\C1.Silverlight.Data.dll = Library\ComponentOne\C1.Silverlight.Data.dll
		Library\ComponentOne\C1.Silverlight.DataGrid.Analytics.dll = Library\ComponentOne\C1.Silverlight.DataGrid.Analytics.dll
		Library\ComponentOne\C1.Silverlight.DataGrid.dll = Library\ComponentOne\C1.Silverlight.DataGrid.dll
		Library\ComponentOne\C1.Silverlight.DataGrid.Excel.dll = Library\ComponentOne\C1.Silverlight.DataGrid.Excel.dll
		Library\ComponentOne\C1.Silverlight.DataGrid.Filters.dll = Library\ComponentOne\C1.Silverlight.DataGrid.Filters.dll
		Library\ComponentOne\C1.Silverlight.DataGrid.Ria.dll = Library\ComponentOne\C1.Silverlight.DataGrid.Ria.dll
		Library\ComponentOne\C1.Silverlight.DataGrid.Summaries.dll = Library\ComponentOne\C1.Silverlight.DataGrid.Summaries.dll
		Library\ComponentOne\C1.Silverlight.DateTimeEditors.dll = Library\ComponentOne\C1.Silverlight.DateTimeEditors.dll
		Library\ComponentOne\C1.Silverlight.dll = Library\ComponentOne\C1.Silverlight.dll
		Library\ComponentOne\C1.Silverlight.Docking.dll = Library\ComponentOne\C1.Silverlight.Docking.dll
		Library\ComponentOne\C1.Silverlight.Excel.dll = Library\ComponentOne\C1.Silverlight.Excel.dll
		Library\ComponentOne\C1.Silverlight.Extended.Analytics.dll = Library\ComponentOne\C1.Silverlight.Extended.Analytics.dll
		Library\ComponentOne\C1.Silverlight.Extended.dll = Library\ComponentOne\C1.Silverlight.Extended.dll
		Library\ComponentOne\C1.Silverlight.FlexGrid.4.dll = Library\ComponentOne\C1.Silverlight.FlexGrid.4.dll
		Library\ComponentOne\C1.Silverlight.FlexGridFilter.4.dll = Library\ComponentOne\C1.Silverlight.FlexGridFilter.4.dll
		Library\ComponentOne\C1.Silverlight.Gauge.dll = Library\ComponentOne\C1.Silverlight.Gauge.dll
		Library\ComponentOne\C1.Silverlight.Imaging.dll = Library\ComponentOne\C1.Silverlight.Imaging.dll
		Library\ComponentOne\C1.Silverlight.Legacy.dll = Library\ComponentOne\C1.Silverlight.Legacy.dll
		Library\ComponentOne\C1.Silverlight.Maps.dll = Library\ComponentOne\C1.Silverlight.Maps.dll
		Library\ComponentOne\C1.Silverlight.MediaPlayer.dll = Library\ComponentOne\C1.Silverlight.MediaPlayer.dll
		Library\ComponentOne\C1.Silverlight.Olap.4.dll = Library\ComponentOne\C1.Silverlight.Olap.4.dll
		Library\ComponentOne\C1.Silverlight.OrgChart.dll = Library\ComponentOne\C1.Silverlight.OrgChart.dll
		Library\ComponentOne\C1.Silverlight.OutlookBar.dll = Library\ComponentOne\C1.Silverlight.OutlookBar.dll
		Library\ComponentOne\C1.Silverlight.Pdf.dll = Library\ComponentOne\C1.Silverlight.Pdf.dll
		Library\ComponentOne\C1.Silverlight.PdfViewer.dll = Library\ComponentOne\C1.Silverlight.PdfViewer.dll
		Library\ComponentOne\C1.Silverlight.ReportViewer.dll = Library\ComponentOne\C1.Silverlight.ReportViewer.dll
		Library\ComponentOne\C1.Silverlight.RichTextBox.dll = Library\ComponentOne\C1.Silverlight.RichTextBox.dll
		Library\ComponentOne\C1.Silverlight.RichTextBox.LegacyHtmlFilter.dll = Library\ComponentOne\C1.Silverlight.RichTextBox.LegacyHtmlFilter.dll
		Library\ComponentOne\C1.Silverlight.RichTextBox.PdfFilter.dll = Library\ComponentOne\C1.Silverlight.RichTextBox.PdfFilter.dll
		Library\ComponentOne\C1.Silverlight.RichTextBox.RtfFilter.dll = Library\ComponentOne\C1.Silverlight.RichTextBox.RtfFilter.dll
		Library\ComponentOne\C1.Silverlight.RichTextBox.Toolbar.dll = Library\ComponentOne\C1.Silverlight.RichTextBox.Toolbar.dll
		Library\ComponentOne\C1.Silverlight.Schedule.dll = Library\ComponentOne\C1.Silverlight.Schedule.dll
		Library\ComponentOne\C1.Silverlight.SpellChecker.dll = Library\ComponentOne\C1.Silverlight.SpellChecker.dll
		Library\ComponentOne\C1.Silverlight.Theming.BureauBlack.dll = Library\ComponentOne\C1.Silverlight.Theming.BureauBlack.dll
		Library\ComponentOne\C1.Silverlight.Theming.Cosmopolitan.dll = Library\ComponentOne\C1.Silverlight.Theming.Cosmopolitan.dll
		Library\ComponentOne\C1.Silverlight.Theming.dll = Library\ComponentOne\C1.Silverlight.Theming.dll
		Library\ComponentOne\C1.Silverlight.Theming.ExpressionDark.dll = Library\ComponentOne\C1.Silverlight.Theming.ExpressionDark.dll
		Library\ComponentOne\C1.Silverlight.Theming.ExpressionLight.dll = Library\ComponentOne\C1.Silverlight.Theming.ExpressionLight.dll
		Library\ComponentOne\C1.Silverlight.Theming.Office2007.dll = Library\ComponentOne\C1.Silverlight.Theming.Office2007.dll
		Library\ComponentOne\C1.Silverlight.Theming.Office2010.dll = Library\ComponentOne\C1.Silverlight.Theming.Office2010.dll
		Library\ComponentOne\C1.Silverlight.Theming.RainierOrange.dll = Library\ComponentOne\C1.Silverlight.Theming.RainierOrange.dll
		Library\ComponentOne\C1.Silverlight.Theming.ShinyBlue.dll = Library\ComponentOne\C1.Silverlight.Theming.ShinyBlue.dll
		Library\ComponentOne\C1.Silverlight.Theming.WhistlerBlue.dll = Library\ComponentOne\C1.Silverlight.Theming.WhistlerBlue.dll
		Library\ComponentOne\C1.Silverlight.TileView.dll = Library\ComponentOne\C1.Silverlight.TileView.dll
		Library\ComponentOne\C1.Silverlight.Toolbar.dll = Library\ComponentOne\C1.Silverlight.Toolbar.dll
		Library\ComponentOne\C1.Silverlight.Uploader.dll = Library\ComponentOne\C1.Silverlight.Uploader.dll
		Library\ComponentOne\C1.Silverlight.Zip.dll = Library\ComponentOne\C1.Silverlight.Zip.dll
	EndProjectSection
EndProject
Project("{FAE04EC0-301F-11D3-BF4B-00C04F79EFBC}") = "PalashDynamics.Web", "PalashDynamics.Web\PalashDynamics.Web.csproj", "{65113C03-7D5F-4597-A2CC-C7988E2012E3}"
EndProject
Global
	GlobalSection(SolutionConfigurationPlatforms) = preSolution
		Debug|Any CPU = Debug|Any CPU
		Debug|Mixed Platforms = Debug|Mixed Platforms
		Debug|x64 = Debug|x64
		Debug|x86 = Debug|x86
		Release|Any CPU = Release|Any CPU
		Release|Mixed Platforms = Release|Mixed Platforms
		Release|x64 = Release|x64
		Release|x86 = Release|x86
	EndGlobalSection
	GlobalSection(ProjectConfigurationPlatforms) = postSolution
		{F0509F45-4915-4824-9709-9F957E5528CE}.Debug|Any CPU.ActiveCfg = Debug|Any CPU
		{F0509F45-4915-4824-9709-9F957E5528CE}.Debug|Any CPU.Build.0 = Debug|Any CPU
		{F0509F45-4915-4824-9709-9F957E5528CE}.Debug|Mixed Platforms.ActiveCfg = Debug|Any CPU
		{F0509F45-4915-4824-9709-9F957E5528CE}.Debug|Mixed Platforms.Build.0 = Debug|Any CPU
		{F0509F45-4915-4824-9709-9F957E5528CE}.Debug|x64.ActiveCfg = Debug|x64
		{F0509F45-4915-4824-9709-9F957E5528CE}.Debug|x86.ActiveCfg = Debug|Any CPU
		{F0509F45-4915-4824-9709-9F957E5528CE}.Release|Any CPU.ActiveCfg = Release|Any CPU
		{F0509F45-4915-4824-9709-9F957E5528CE}.Release|Any CPU.Build.0 = Release|Any CPU
		{F0509F45-4915-4824-9709-9F957E5528CE}.Release|Mixed Platforms.ActiveCfg = Release|Any CPU
		{F0509F45-4915-4824-9709-9F957E5528CE}.Release|Mixed Platforms.Build.0 = Release|Any CPU
		{F0509F45-4915-4824-9709-9F957E5528CE}.Release|x64.ActiveCfg = Release|Any CPU
		{F0509F45-4915-4824-9709-9F957E5528CE}.Release|x86.ActiveCfg = Release|Any CPU
		{35D02055-6D80-4055-9BB2-70E8D9E289EC}.Debug|Any CPU.ActiveCfg = Debug|Any CPU
		{35D02055-6D80-4055-9BB2-70E8D9E289EC}.Debug|Any CPU.Build.0 = Debug|Any CPU
		{35D02055-6D80-4055-9BB2-70E8D9E289EC}.Debug|Mixed Platforms.ActiveCfg = Debug|Any CPU
		{35D02055-6D80-4055-9BB2-70E8D9E289EC}.Debug|Mixed Platforms.Build.0 = Debug|Any CPU
		{35D02055-6D80-4055-9BB2-70E8D9E289EC}.Debug|x64.ActiveCfg = Debug|x64
		{35D02055-6D80-4055-9BB2-70E8D9E289EC}.Debug|x64.Build.0 = Debug|x64
		{35D02055-6D80-4055-9BB2-70E8D9E289EC}.Debug|x86.ActiveCfg = Debug|Any CPU
		{35D02055-6D80-4055-9BB2-70E8D9E289EC}.Release|Any CPU.ActiveCfg = Release|Any CPU
		{35D02055-6D80-4055-9BB2-70E8D9E289EC}.Release|Any CPU.Build.0 = Release|Any CPU
		{35D02055-6D80-4055-9BB2-70E8D9E289EC}.Release|Mixed Platforms.ActiveCfg = Release|Any CPU
		{35D02055-6D80-4055-9BB2-70E8D9E289EC}.Release|Mixed Platforms.Build.0 = Release|Any CPU
		{35D02055-6D80-4055-9BB2-70E8D9E289EC}.Release|x64.ActiveCfg = Release|Any CPU
		{35D02055-6D80-4055-9BB2-70E8D9E289EC}.Release|x86.ActiveCfg = Release|Any CPU
		{4993806D-1D67-490B-BDD0-D71A25E03245}.Debug|Any CPU.ActiveCfg = Debug|Any CPU
		{4993806D-1D67-490B-BDD0-D71A25E03245}.Debug|Any CPU.Build.0 = Debug|Any CPU
		{4993806D-1D67-490B-BDD0-D71A25E03245}.Debug|Mixed Platforms.ActiveCfg = Debug|Any CPU
		{4993806D-1D67-490B-BDD0-D71A25E03245}.Debug|Mixed Platforms.Build.0 = Debug|Any CPU
		{4993806D-1D67-490B-BDD0-D71A25E03245}.Debug|x64.ActiveCfg = Debug|x64
		{4993806D-1D67-490B-BDD0-D71A25E03245}.Debug|x86.ActiveCfg = Debug|Any CPU
		{4993806D-1D67-490B-BDD0-D71A25E03245}.Release|Any CPU.ActiveCfg = Release|Any CPU
		{4993806D-1D67-490B-BDD0-D71A25E03245}.Release|Any CPU.Build.0 = Release|Any CPU
		{4993806D-1D67-490B-BDD0-D71A25E03245}.Release|Mixed Platforms.ActiveCfg = Release|Any CPU
		{4993806D-1D67-490B-BDD0-D71A25E03245}.Release|Mixed Platforms.Build.0 = Release|Any CPU
		{4993806D-1D67-490B-BDD0-D71A25E03245}.Release|x64.ActiveCfg = Release|Any CPU
		{4993806D-1D67-490B-BDD0-D71A25E03245}.Release|x86.ActiveCfg = Release|Any CPU
		{DC112F80-EDDC-4B6F-B1B1-FA313764A20D}.Debug|Any CPU.ActiveCfg = Debug|Any CPU
		{DC112F80-EDDC-4B6F-B1B1-FA313764A20D}.Debug|Any CPU.Build.0 = Debug|Any CPU
		{DC112F80-EDDC-4B6F-B1B1-FA313764A20D}.Debug|Mixed Platforms.ActiveCfg = Debug|Any CPU
		{DC112F80-EDDC-4B6F-B1B1-FA313764A20D}.Debug|Mixed Platforms.Build.0 = Debug|Any CPU
		{DC112F80-EDDC-4B6F-B1B1-FA313764A20D}.Debug|x64.ActiveCfg = Debug|x64
		{DC112F80-EDDC-4B6F-B1B1-FA313764A20D}.Debug|x86.ActiveCfg = Debug|Any CPU
		{DC112F80-EDDC-4B6F-B1B1-FA313764A20D}.Release|Any CPU.ActiveCfg = Release|Any CPU
		{DC112F80-EDDC-4B6F-B1B1-FA313764A20D}.Release|Any CPU.Build.0 = Release|Any CPU
		{DC112F80-EDDC-4B6F-B1B1-FA313764A20D}.Release|Mixed Platforms.ActiveCfg = Release|Any CPU
		{DC112F80-EDDC-4B6F-B1B1-FA313764A20D}.Release|Mixed Platforms.Build.0 = Release|Any CPU
		{DC112F80-EDDC-4B6F-B1B1-FA313764A20D}.Release|x64.ActiveCfg = Release|Any CPU
		{DC112F80-EDDC-4B6F-B1B1-FA313764A20D}.Release|x86.ActiveCfg = Release|Any CPU
		{03BE1018-E811-44E1-934C-0D4C32324176}.Debug|Any CPU.ActiveCfg = Debug|Any CPU
		{03BE1018-E811-44E1-934C-0D4C32324176}.Debug|Any CPU.Build.0 = Debug|Any CPU
		{03BE1018-E811-44E1-934C-0D4C32324176}.Debug|Mixed Platforms.ActiveCfg = Debug|Any CPU
		{03BE1018-E811-44E1-934C-0D4C32324176}.Debug|Mixed Platforms.Build.0 = Debug|Any CPU
		{03BE1018-E811-44E1-934C-0D4C32324176}.Debug|x64.ActiveCfg = Debug|x64
		{03BE1018-E811-44E1-934C-0D4C32324176}.Debug|x86.ActiveCfg = Debug|Any CPU
		{03BE1018-E811-44E1-934C-0D4C32324176}.Release|Any CPU.ActiveCfg = Release|Any CPU
		{03BE1018-E811-44E1-934C-0D4C32324176}.Release|Any CPU.Build.0 = Release|Any CPU
		{03BE1018-E811-44E1-934C-0D4C32324176}.Release|Mixed Platforms.ActiveCfg = Release|Any CPU
		{03BE1018-E811-44E1-934C-0D4C32324176}.Release|Mixed Platforms.Build.0 = Release|Any CPU
		{03BE1018-E811-44E1-934C-0D4C32324176}.Release|x64.ActiveCfg = Release|Any CPU
		{03BE1018-E811-44E1-934C-0D4C32324176}.Release|x86.ActiveCfg = Release|Any CPU
		{3B4C8D68-9C94-4039-8601-FF1BA3B6108E}.Debug|Any CPU.ActiveCfg = Debug|Any CPU
		{3B4C8D68-9C94-4039-8601-FF1BA3B6108E}.Debug|Any CPU.Build.0 = Debug|Any CPU
		{3B4C8D68-9C94-4039-8601-FF1BA3B6108E}.Debug|Mixed Platforms.ActiveCfg = Debug|Any CPU
		{3B4C8D68-9C94-4039-8601-FF1BA3B6108E}.Debug|Mixed Platforms.Build.0 = Debug|Any CPU
		{3B4C8D68-9C94-4039-8601-FF1BA3B6108E}.Debug|x64.ActiveCfg = Debug|x64
		{3B4C8D68-9C94-4039-8601-FF1BA3B6108E}.Debug|x86.ActiveCfg = Debug|Any CPU
		{3B4C8D68-9C94-4039-8601-FF1BA3B6108E}.Release|Any CPU.ActiveCfg = Release|Any CPU
		{3B4C8D68-9C94-4039-8601-FF1BA3B6108E}.Release|Any CPU.Build.0 = Release|Any CPU
		{3B4C8D68-9C94-4039-8601-FF1BA3B6108E}.Release|Mixed Platforms.ActiveCfg = Release|Any CPU
		{3B4C8D68-9C94-4039-8601-FF1BA3B6108E}.Release|Mixed Platforms.Build.0 = Release|Any CPU
		{3B4C8D68-9C94-4039-8601-FF1BA3B6108E}.Release|x64.ActiveCfg = Release|Any CPU
		{3B4C8D68-9C94-4039-8601-FF1BA3B6108E}.Release|x86.ActiveCfg = Release|Any CPU
		{32811E3E-20E6-4CEA-92FA-06169FA302D5}.Debug|Any CPU.ActiveCfg = Debug|Any CPU
		{32811E3E-20E6-4CEA-92FA-06169FA302D5}.Debug|Any CPU.Build.0 = Debug|Any CPU
		{32811E3E-20E6-4CEA-92FA-06169FA302D5}.Debug|Mixed Platforms.ActiveCfg = Debug|Any CPU
		{32811E3E-20E6-4CEA-92FA-06169FA302D5}.Debug|Mixed Platforms.Build.0 = Debug|Any CPU
		{32811E3E-20E6-4CEA-92FA-06169FA302D5}.Debug|x64.ActiveCfg = Debug|x64
		{32811E3E-20E6-4CEA-92FA-06169FA302D5}.Debug|x86.ActiveCfg = Debug|Any CPU
		{32811E3E-20E6-4CEA-92FA-06169FA302D5}.Release|Any CPU.ActiveCfg = Release|Any CPU
		{32811E3E-20E6-4CEA-92FA-06169FA302D5}.Release|Any CPU.Build.0 = Release|Any CPU
		{32811E3E-20E6-4CEA-92FA-06169FA302D5}.Release|Mixed Platforms.ActiveCfg = Release|Any CPU
		{32811E3E-20E6-4CEA-92FA-06169FA302D5}.Release|Mixed Platforms.Build.0 = Release|Any CPU
		{32811E3E-20E6-4CEA-92FA-06169FA302D5}.Release|x64.ActiveCfg = Release|Any CPU
		{32811E3E-20E6-4CEA-92FA-06169FA302D5}.Release|x86.ActiveCfg = Release|Any CPU
		{6ED21B3D-4E8F-4F2D-9EF5-2A352D2E8F4F}.Debug|Any CPU.ActiveCfg = Debug|Any CPU
		{6ED21B3D-4E8F-4F2D-9EF5-2A352D2E8F4F}.Debug|Any CPU.Build.0 = Debug|Any CPU
		{6ED21B3D-4E8F-4F2D-9EF5-2A352D2E8F4F}.Debug|Mixed Platforms.ActiveCfg = Debug|Any CPU
		{6ED21B3D-4E8F-4F2D-9EF5-2A352D2E8F4F}.Debug|Mixed Platforms.Build.0 = Debug|Any CPU
		{6ED21B3D-4E8F-4F2D-9EF5-2A352D2E8F4F}.Debug|x64.ActiveCfg = Debug|x64
		{6ED21B3D-4E8F-4F2D-9EF5-2A352D2E8F4F}.Debug|x64.Build.0 = Debug|x64
		{6ED21B3D-4E8F-4F2D-9EF5-2A352D2E8F4F}.Debug|x86.ActiveCfg = Debug|Any CPU
		{6ED21B3D-4E8F-4F2D-9EF5-2A352D2E8F4F}.Release|Any CPU.ActiveCfg = Release|Any CPU
		{6ED21B3D-4E8F-4F2D-9EF5-2A352D2E8F4F}.Release|Any CPU.Build.0 = Release|Any CPU
		{6ED21B3D-4E8F-4F2D-9EF5-2A352D2E8F4F}.Release|Mixed Platforms.ActiveCfg = Release|Any CPU
		{6ED21B3D-4E8F-4F2D-9EF5-2A352D2E8F4F}.Release|Mixed Platforms.Build.0 = Release|Any CPU
		{6ED21B3D-4E8F-4F2D-9EF5-2A352D2E8F4F}.Release|x64.ActiveCfg = Release|Any CPU
		{6ED21B3D-4E8F-4F2D-9EF5-2A352D2E8F4F}.Release|x86.ActiveCfg = Release|Any CPU
		{086E4E26-FE28-4505-A54B-412FDD7B0D15}.Debug|Any CPU.ActiveCfg = Debug|Any CPU
		{086E4E26-FE28-4505-A54B-412FDD7B0D15}.Debug|Any CPU.Build.0 = Debug|Any CPU
		{086E4E26-FE28-4505-A54B-412FDD7B0D15}.Debug|Mixed Platforms.ActiveCfg = Debug|Any CPU
		{086E4E26-FE28-4505-A54B-412FDD7B0D15}.Debug|Mixed Platforms.Build.0 = Debug|Any CPU
		{086E4E26-FE28-4505-A54B-412FDD7B0D15}.Debug|x64.ActiveCfg = Debug|x64
		{086E4E26-FE28-4505-A54B-412FDD7B0D15}.Debug|x64.Build.0 = Debug|x64
		{086E4E26-FE28-4505-A54B-412FDD7B0D15}.Debug|x86.ActiveCfg = Debug|Any CPU
		{086E4E26-FE28-4505-A54B-412FDD7B0D15}.Release|Any CPU.ActiveCfg = Release|Any CPU
		{086E4E26-FE28-4505-A54B-412FDD7B0D15}.Release|Any CPU.Build.0 = Release|Any CPU
		{086E4E26-FE28-4505-A54B-412FDD7B0D15}.Release|Mixed Platforms.ActiveCfg = Release|Any CPU
		{086E4E26-FE28-4505-A54B-412FDD7B0D15}.Release|Mixed Platforms.Build.0 = Release|Any CPU
		{086E4E26-FE28-4505-A54B-412FDD7B0D15}.Release|x64.ActiveCfg = Release|Any CPU
		{086E4E26-FE28-4505-A54B-412FDD7B0D15}.Release|x86.ActiveCfg = Release|Any CPU
		{EBF1EF95-D295-4CC7-A48D-584D62FEE806}.Debug|Any CPU.ActiveCfg = Debug|Any CPU
		{EBF1EF95-D295-4CC7-A48D-584D62FEE806}.Debug|Any CPU.Build.0 = Debug|Any CPU
		{EBF1EF95-D295-4CC7-A48D-584D62FEE806}.Debug|Mixed Platforms.ActiveCfg = Debug|Any CPU
		{EBF1EF95-D295-4CC7-A48D-584D62FEE806}.Debug|Mixed Platforms.Build.0 = Debug|Any CPU
		{EBF1EF95-D295-4CC7-A48D-584D62FEE806}.Debug|x64.ActiveCfg = Debug|x64
		{EBF1EF95-D295-4CC7-A48D-584D62FEE806}.Debug|x86.ActiveCfg = Debug|Any CPU
		{EBF1EF95-D295-4CC7-A48D-584D62FEE806}.Release|Any CPU.ActiveCfg = Release|Any CPU
		{EBF1EF95-D295-4CC7-A48D-584D62FEE806}.Release|Any CPU.Build.0 = Release|Any CPU
		{EBF1EF95-D295-4CC7-A48D-584D62FEE806}.Release|Mixed Platforms.ActiveCfg = Release|Any CPU
		{EBF1EF95-D295-4CC7-A48D-584D62FEE806}.Release|Mixed Platforms.Build.0 = Release|Any CPU
		{EBF1EF95-D295-4CC7-A48D-584D62FEE806}.Release|x64.ActiveCfg = Release|Any CPU
		{EBF1EF95-D295-4CC7-A48D-584D62FEE806}.Release|x86.ActiveCfg = Release|Any CPU
		{DDA34127-FB33-44DE-BF26-2D6CF3B47C5D}.Debug|Any CPU.ActiveCfg = Debug|Any CPU
		{DDA34127-FB33-44DE-BF26-2D6CF3B47C5D}.Debug|Any CPU.Build.0 = Debug|Any CPU
		{DDA34127-FB33-44DE-BF26-2D6CF3B47C5D}.Debug|Mixed Platforms.ActiveCfg = Debug|Any CPU
		{DDA34127-FB33-44DE-BF26-2D6CF3B47C5D}.Debug|Mixed Platforms.Build.0 = Debug|Any CPU
		{DDA34127-FB33-44DE-BF26-2D6CF3B47C5D}.Debug|x64.ActiveCfg = Debug|x64
		{DDA34127-FB33-44DE-BF26-2D6CF3B47C5D}.Debug|x64.Build.0 = Debug|x64
		{DDA34127-FB33-44DE-BF26-2D6CF3B47C5D}.Debug|x86.ActiveCfg = Debug|Any CPU
		{DDA34127-FB33-44DE-BF26-2D6CF3B47C5D}.Release|Any CPU.ActiveCfg = Release|Any CPU
		{DDA34127-FB33-44DE-BF26-2D6CF3B47C5D}.Release|Any CPU.Build.0 = Release|Any CPU
		{DDA34127-FB33-44DE-BF26-2D6CF3B47C5D}.Release|Mixed Platforms.ActiveCfg = Release|Any CPU
		{DDA34127-FB33-44DE-BF26-2D6CF3B47C5D}.Release|Mixed Platforms.Build.0 = Release|Any CPU
		{DDA34127-FB33-44DE-BF26-2D6CF3B47C5D}.Release|x64.ActiveCfg = Release|Any CPU
		{DDA34127-FB33-44DE-BF26-2D6CF3B47C5D}.Release|x86.ActiveCfg = Release|Any CPU
		{63D0041D-2109-43E9-BC7E-0C0B82BDBEA0}.Debug|Any CPU.ActiveCfg = Debug|Any CPU
		{63D0041D-2109-43E9-BC7E-0C0B82BDBEA0}.Debug|Any CPU.Build.0 = Debug|Any CPU
		{63D0041D-2109-43E9-BC7E-0C0B82BDBEA0}.Debug|Mixed Platforms.ActiveCfg = Debug|Any CPU
		{63D0041D-2109-43E9-BC7E-0C0B82BDBEA0}.Debug|Mixed Platforms.Build.0 = Debug|Any CPU
		{63D0041D-2109-43E9-BC7E-0C0B82BDBEA0}.Debug|x64.ActiveCfg = Debug|x64
		{63D0041D-2109-43E9-BC7E-0C0B82BDBEA0}.Debug|x86.ActiveCfg = Debug|Any CPU
		{63D0041D-2109-43E9-BC7E-0C0B82BDBEA0}.Release|Any CPU.ActiveCfg = Release|Any CPU
		{63D0041D-2109-43E9-BC7E-0C0B82BDBEA0}.Release|Any CPU.Build.0 = Release|Any CPU
		{63D0041D-2109-43E9-BC7E-0C0B82BDBEA0}.Release|Mixed Platforms.ActiveCfg = Release|Any CPU
		{63D0041D-2109-43E9-BC7E-0C0B82BDBEA0}.Release|Mixed Platforms.Build.0 = Release|Any CPU
		{63D0041D-2109-43E9-BC7E-0C0B82BDBEA0}.Release|x64.ActiveCfg = Release|Any CPU
		{63D0041D-2109-43E9-BC7E-0C0B82BDBEA0}.Release|x86.ActiveCfg = Release|Any CPU
		{CF96832F-1124-4049-8094-E2F11B912637}.Debug|Any CPU.ActiveCfg = Debug|Any CPU
		{CF96832F-1124-4049-8094-E2F11B912637}.Debug|Any CPU.Build.0 = Debug|Any CPU
		{CF96832F-1124-4049-8094-E2F11B912637}.Debug|Mixed Platforms.ActiveCfg = Debug|Any CPU
		{CF96832F-1124-4049-8094-E2F11B912637}.Debug|Mixed Platforms.Build.0 = Debug|Any CPU
		{CF96832F-1124-4049-8094-E2F11B912637}.Debug|x64.ActiveCfg = Debug|x64
		{CF96832F-1124-4049-8094-E2F11B912637}.Debug|x86.ActiveCfg = Debug|Any CPU
		{CF96832F-1124-4049-8094-E2F11B912637}.Release|Any CPU.ActiveCfg = Release|Any CPU
		{CF96832F-1124-4049-8094-E2F11B912637}.Release|Any CPU.Build.0 = Release|Any CPU
		{CF96832F-1124-4049-8094-E2F11B912637}.Release|Mixed Platforms.ActiveCfg = Release|Any CPU
		{CF96832F-1124-4049-8094-E2F11B912637}.Release|Mixed Platforms.Build.0 = Release|Any CPU
		{CF96832F-1124-4049-8094-E2F11B912637}.Release|x64.ActiveCfg = Release|Any CPU
		{CF96832F-1124-4049-8094-E2F11B912637}.Release|x86.ActiveCfg = Release|Any CPU
		{DFF09A36-18A4-43D5-B852-CF6DB0D5A148}.Debug|Any CPU.ActiveCfg = Debug|Any CPU
		{DFF09A36-18A4-43D5-B852-CF6DB0D5A148}.Debug|Any CPU.Build.0 = Debug|Any CPU
		{DFF09A36-18A4-43D5-B852-CF6DB0D5A148}.Debug|Mixed Platforms.ActiveCfg = Debug|Any CPU
		{DFF09A36-18A4-43D5-B852-CF6DB0D5A148}.Debug|Mixed Platforms.Build.0 = Debug|Any CPU
		{DFF09A36-18A4-43D5-B852-CF6DB0D5A148}.Debug|x64.ActiveCfg = Debug|x64
		{DFF09A36-18A4-43D5-B852-CF6DB0D5A148}.Debug|x86.ActiveCfg = Debug|Any CPU
		{DFF09A36-18A4-43D5-B852-CF6DB0D5A148}.Release|Any CPU.ActiveCfg = Release|Any CPU
		{DFF09A36-18A4-43D5-B852-CF6DB0D5A148}.Release|Any CPU.Build.0 = Release|Any CPU
		{DFF09A36-18A4-43D5-B852-CF6DB0D5A148}.Release|Mixed Platforms.ActiveCfg = Release|Any CPU
		{DFF09A36-18A4-43D5-B852-CF6DB0D5A148}.Release|Mixed Platforms.Build.0 = Release|Any CPU
		{DFF09A36-18A4-43D5-B852-CF6DB0D5A148}.Release|x64.ActiveCfg = Release|Any CPU
		{DFF09A36-18A4-43D5-B852-CF6DB0D5A148}.Release|x86.ActiveCfg = Release|Any CPU
		{5BBF7708-7343-4373-88B8-60F339BA97D0}.Debug|Any CPU.ActiveCfg = Debug|Any CPU
		{5BBF7708-7343-4373-88B8-60F339BA97D0}.Debug|Any CPU.Build.0 = Debug|Any CPU
		{5BBF7708-7343-4373-88B8-60F339BA97D0}.Debug|Mixed Platforms.ActiveCfg = Debug|Any CPU
		{5BBF7708-7343-4373-88B8-60F339BA97D0}.Debug|Mixed Platforms.Build.0 = Debug|Any CPU
		{5BBF7708-7343-4373-88B8-60F339BA97D0}.Debug|x64.ActiveCfg = Debug|x64
		{5BBF7708-7343-4373-88B8-60F339BA97D0}.Debug|x86.ActiveCfg = Debug|Any CPU
		{5BBF7708-7343-4373-88B8-60F339BA97D0}.Release|Any CPU.ActiveCfg = Release|Any CPU
		{5BBF7708-7343-4373-88B8-60F339BA97D0}.Release|Any CPU.Build.0 = Release|Any CPU
		{5BBF7708-7343-4373-88B8-60F339BA97D0}.Release|Mixed Platforms.ActiveCfg = Release|Any CPU
		{5BBF7708-7343-4373-88B8-60F339BA97D0}.Release|Mixed Platforms.Build.0 = Release|Any CPU
		{5BBF7708-7343-4373-88B8-60F339BA97D0}.Release|x64.ActiveCfg = Release|Any CPU
		{5BBF7708-7343-4373-88B8-60F339BA97D0}.Release|x86.ActiveCfg = Release|Any CPU
		{FC1E990A-B67E-45D9-AAB5-01D4E4A61DB4}.Debug|Any CPU.ActiveCfg = Debug|Any CPU
		{FC1E990A-B67E-45D9-AAB5-01D4E4A61DB4}.Debug|Any CPU.Build.0 = Debug|Any CPU
		{FC1E990A-B67E-45D9-AAB5-01D4E4A61DB4}.Debug|Mixed Platforms.ActiveCfg = Debug|Any CPU
		{FC1E990A-B67E-45D9-AAB5-01D4E4A61DB4}.Debug|Mixed Platforms.Build.0 = Debug|Any CPU
		{FC1E990A-B67E-45D9-AAB5-01D4E4A61DB4}.Debug|x64.ActiveCfg = Debug|x64
		{FC1E990A-B67E-45D9-AAB5-01D4E4A61DB4}.Debug|x86.ActiveCfg = Debug|Any CPU
		{FC1E990A-B67E-45D9-AAB5-01D4E4A61DB4}.Release|Any CPU.ActiveCfg = Release|Any CPU
		{FC1E990A-B67E-45D9-AAB5-01D4E4A61DB4}.Release|Any CPU.Build.0 = Release|Any CPU
		{FC1E990A-B67E-45D9-AAB5-01D4E4A61DB4}.Release|Mixed Platforms.ActiveCfg = Release|Any CPU
		{FC1E990A-B67E-45D9-AAB5-01D4E4A61DB4}.Release|Mixed Platforms.Build.0 = Release|Any CPU
		{FC1E990A-B67E-45D9-AAB5-01D4E4A61DB4}.Release|x64.ActiveCfg = Release|Any CPU
		{FC1E990A-B67E-45D9-AAB5-01D4E4A61DB4}.Release|x86.ActiveCfg = Release|Any CPU
		{B52B56A5-711C-4869-8579-3E2BD83589D8}.Debug|Any CPU.ActiveCfg = Debug|Any CPU
		{B52B56A5-711C-4869-8579-3E2BD83589D8}.Debug|Any CPU.Build.0 = Debug|Any CPU
		{B52B56A5-711C-4869-8579-3E2BD83589D8}.Debug|Mixed Platforms.ActiveCfg = Debug|Any CPU
		{B52B56A5-711C-4869-8579-3E2BD83589D8}.Debug|Mixed Platforms.Build.0 = Debug|Any CPU
		{B52B56A5-711C-4869-8579-3E2BD83589D8}.Debug|x64.ActiveCfg = Debug|x64
		{B52B56A5-711C-4869-8579-3E2BD83589D8}.Debug|x86.ActiveCfg = Debug|Any CPU
		{B52B56A5-711C-4869-8579-3E2BD83589D8}.Release|Any CPU.ActiveCfg = Release|Any CPU
		{B52B56A5-711C-4869-8579-3E2BD83589D8}.Release|Any CPU.Build.0 = Release|Any CPU
		{B52B56A5-711C-4869-8579-3E2BD83589D8}.Release|Mixed Platforms.ActiveCfg = Release|Any CPU
		{B52B56A5-711C-4869-8579-3E2BD83589D8}.Release|Mixed Platforms.Build.0 = Release|Any CPU
		{B52B56A5-711C-4869-8579-3E2BD83589D8}.Release|x64.ActiveCfg = Release|Any CPU
		{B52B56A5-711C-4869-8579-3E2BD83589D8}.Release|x86.ActiveCfg = Release|Any CPU
		{A9D626F9-FBBB-4298-8709-9416FE745A31}.Debug|Any CPU.ActiveCfg = Debug|Any CPU
		{A9D626F9-FBBB-4298-8709-9416FE745A31}.Debug|Any CPU.Build.0 = Debug|Any CPU
		{A9D626F9-FBBB-4298-8709-9416FE745A31}.Debug|Mixed Platforms.ActiveCfg = Debug|Any CPU
		{A9D626F9-FBBB-4298-8709-9416FE745A31}.Debug|Mixed Platforms.Build.0 = Debug|Any CPU
		{A9D626F9-FBBB-4298-8709-9416FE745A31}.Debug|x64.ActiveCfg = Debug|x64
		{A9D626F9-FBBB-4298-8709-9416FE745A31}.Debug|x86.ActiveCfg = Debug|Any CPU
		{A9D626F9-FBBB-4298-8709-9416FE745A31}.Release|Any CPU.ActiveCfg = Release|Any CPU
		{A9D626F9-FBBB-4298-8709-9416FE745A31}.Release|Any CPU.Build.0 = Release|Any CPU
		{A9D626F9-FBBB-4298-8709-9416FE745A31}.Release|Mixed Platforms.ActiveCfg = Release|Any CPU
		{A9D626F9-FBBB-4298-8709-9416FE745A31}.Release|Mixed Platforms.Build.0 = Release|Any CPU
		{A9D626F9-FBBB-4298-8709-9416FE745A31}.Release|x64.ActiveCfg = Release|Any CPU
		{A9D626F9-FBBB-4298-8709-9416FE745A31}.Release|x86.ActiveCfg = Release|Any CPU
		{85A8DB2F-D545-4738-971C-32C1311FC730}.Debug|Any CPU.ActiveCfg = Debug|Any CPU
		{85A8DB2F-D545-4738-971C-32C1311FC730}.Debug|Any CPU.Build.0 = Debug|Any CPU
		{85A8DB2F-D545-4738-971C-32C1311FC730}.Debug|Mixed Platforms.ActiveCfg = Debug|Any CPU
		{85A8DB2F-D545-4738-971C-32C1311FC730}.Debug|Mixed Platforms.Build.0 = Debug|Any CPU
		{85A8DB2F-D545-4738-971C-32C1311FC730}.Debug|x64.ActiveCfg = Debug|x64
		{85A8DB2F-D545-4738-971C-32C1311FC730}.Debug|x86.ActiveCfg = Debug|Any CPU
		{85A8DB2F-D545-4738-971C-32C1311FC730}.Release|Any CPU.ActiveCfg = Release|Any CPU
		{85A8DB2F-D545-4738-971C-32C1311FC730}.Release|Any CPU.Build.0 = Release|Any CPU
		{85A8DB2F-D545-4738-971C-32C1311FC730}.Release|Mixed Platforms.ActiveCfg = Release|Any CPU
		{85A8DB2F-D545-4738-971C-32C1311FC730}.Release|Mixed Platforms.Build.0 = Release|Any CPU
		{85A8DB2F-D545-4738-971C-32C1311FC730}.Release|x64.ActiveCfg = Release|Any CPU
		{85A8DB2F-D545-4738-971C-32C1311FC730}.Release|x86.ActiveCfg = Release|Any CPU
		{1B114BF8-F1E2-4EC6-AAA2-A69E4FFE24D7}.Debug|Any CPU.ActiveCfg = Debug|Any CPU
		{1B114BF8-F1E2-4EC6-AAA2-A69E4FFE24D7}.Debug|Any CPU.Build.0 = Debug|Any CPU
		{1B114BF8-F1E2-4EC6-AAA2-A69E4FFE24D7}.Debug|Mixed Platforms.ActiveCfg = Debug|Any CPU
		{1B114BF8-F1E2-4EC6-AAA2-A69E4FFE24D7}.Debug|Mixed Platforms.Build.0 = Debug|Any CPU
		{1B114BF8-F1E2-4EC6-AAA2-A69E4FFE24D7}.Debug|x64.ActiveCfg = Debug|x64
		{1B114BF8-F1E2-4EC6-AAA2-A69E4FFE24D7}.Debug|x86.ActiveCfg = Debug|Any CPU
		{1B114BF8-F1E2-4EC6-AAA2-A69E4FFE24D7}.Release|Any CPU.ActiveCfg = Release|Any CPU
		{1B114BF8-F1E2-4EC6-AAA2-A69E4FFE24D7}.Release|Any CPU.Build.0 = Release|Any CPU
		{1B114BF8-F1E2-4EC6-AAA2-A69E4FFE24D7}.Release|Mixed Platforms.ActiveCfg = Release|Any CPU
		{1B114BF8-F1E2-4EC6-AAA2-A69E4FFE24D7}.Release|Mixed Platforms.Build.0 = Release|Any CPU
		{1B114BF8-F1E2-4EC6-AAA2-A69E4FFE24D7}.Release|x64.ActiveCfg = Release|Any CPU
		{1B114BF8-F1E2-4EC6-AAA2-A69E4FFE24D7}.Release|x86.ActiveCfg = Release|Any CPU
		{68EF3491-14CD-44FB-9516-2C24389B4C3D}.Debug|Any CPU.ActiveCfg = Debug|Any CPU
		{68EF3491-14CD-44FB-9516-2C24389B4C3D}.Debug|Any CPU.Build.0 = Debug|Any CPU
		{68EF3491-14CD-44FB-9516-2C24389B4C3D}.Debug|Mixed Platforms.ActiveCfg = Debug|Any CPU
		{68EF3491-14CD-44FB-9516-2C24389B4C3D}.Debug|Mixed Platforms.Build.0 = Debug|Any CPU
		{68EF3491-14CD-44FB-9516-2C24389B4C3D}.Debug|x64.ActiveCfg = Debug|x64
		{68EF3491-14CD-44FB-9516-2C24389B4C3D}.Debug|x86.ActiveCfg = Debug|Any CPU
		{68EF3491-14CD-44FB-9516-2C24389B4C3D}.Release|Any CPU.ActiveCfg = Release|Any CPU
		{68EF3491-14CD-44FB-9516-2C24389B4C3D}.Release|Any CPU.Build.0 = Release|Any CPU
		{68EF3491-14CD-44FB-9516-2C24389B4C3D}.Release|Mixed Platforms.ActiveCfg = Release|Any CPU
		{68EF3491-14CD-44FB-9516-2C24389B4C3D}.Release|Mixed Platforms.Build.0 = Release|Any CPU
		{68EF3491-14CD-44FB-9516-2C24389B4C3D}.Release|x64.ActiveCfg = Release|Any CPU
		{68EF3491-14CD-44FB-9516-2C24389B4C3D}.Release|x86.ActiveCfg = Release|Any CPU
		{D4C15416-161D-4A6F-9BF9-BC19CBB3CB50}.Debug|Any CPU.ActiveCfg = Debug|Any CPU
		{D4C15416-161D-4A6F-9BF9-BC19CBB3CB50}.Debug|Any CPU.Build.0 = Debug|Any CPU
		{D4C15416-161D-4A6F-9BF9-BC19CBB3CB50}.Debug|Mixed Platforms.ActiveCfg = Debug|Any CPU
		{D4C15416-161D-4A6F-9BF9-BC19CBB3CB50}.Debug|Mixed Platforms.Build.0 = Debug|Any CPU
		{D4C15416-161D-4A6F-9BF9-BC19CBB3CB50}.Debug|x64.ActiveCfg = Debug|x64
		{D4C15416-161D-4A6F-9BF9-BC19CBB3CB50}.Debug|x64.Build.0 = Debug|x64
		{D4C15416-161D-4A6F-9BF9-BC19CBB3CB50}.Debug|x86.ActiveCfg = Debug|Any CPU
		{D4C15416-161D-4A6F-9BF9-BC19CBB3CB50}.Release|Any CPU.ActiveCfg = Release|Any CPU
		{D4C15416-161D-4A6F-9BF9-BC19CBB3CB50}.Release|Any CPU.Build.0 = Release|Any CPU
		{D4C15416-161D-4A6F-9BF9-BC19CBB3CB50}.Release|Mixed Platforms.ActiveCfg = Release|Any CPU
		{D4C15416-161D-4A6F-9BF9-BC19CBB3CB50}.Release|Mixed Platforms.Build.0 = Release|Any CPU
		{D4C15416-161D-4A6F-9BF9-BC19CBB3CB50}.Release|x64.ActiveCfg = Release|Any CPU
		{D4C15416-161D-4A6F-9BF9-BC19CBB3CB50}.Release|x86.ActiveCfg = Release|Any CPU
		{78B9F420-8B2A-4AEC-A9C8-2A24F8E03FD7}.Debug|Any CPU.ActiveCfg = Debug|Any CPU
		{78B9F420-8B2A-4AEC-A9C8-2A24F8E03FD7}.Debug|Any CPU.Build.0 = Debug|Any CPU
		{78B9F420-8B2A-4AEC-A9C8-2A24F8E03FD7}.Debug|Mixed Platforms.ActiveCfg = Debug|Any CPU
		{78B9F420-8B2A-4AEC-A9C8-2A24F8E03FD7}.Debug|Mixed Platforms.Build.0 = Debug|Any CPU
		{78B9F420-8B2A-4AEC-A9C8-2A24F8E03FD7}.Debug|x64.ActiveCfg = Debug|x64
		{78B9F420-8B2A-4AEC-A9C8-2A24F8E03FD7}.Debug|x86.ActiveCfg = Debug|Any CPU
		{78B9F420-8B2A-4AEC-A9C8-2A24F8E03FD7}.Release|Any CPU.ActiveCfg = Release|Any CPU
		{78B9F420-8B2A-4AEC-A9C8-2A24F8E03FD7}.Release|Any CPU.Build.0 = Release|Any CPU
		{78B9F420-8B2A-4AEC-A9C8-2A24F8E03FD7}.Release|Mixed Platforms.ActiveCfg = Release|Any CPU
		{78B9F420-8B2A-4AEC-A9C8-2A24F8E03FD7}.Release|Mixed Platforms.Build.0 = Release|Any CPU
		{78B9F420-8B2A-4AEC-A9C8-2A24F8E03FD7}.Release|x64.ActiveCfg = Release|Any CPU
		{78B9F420-8B2A-4AEC-A9C8-2A24F8E03FD7}.Release|x86.ActiveCfg = Release|Any CPU
		{2900B43B-1031-4C0F-96D6-CD02C2D68623}.Debug|Any CPU.ActiveCfg = Debug|Any CPU
		{2900B43B-1031-4C0F-96D6-CD02C2D68623}.Debug|Mixed Platforms.ActiveCfg = Debug|Any CPU
		{2900B43B-1031-4C0F-96D6-CD02C2D68623}.Debug|x64.ActiveCfg = Debug|x64
		{2900B43B-1031-4C0F-96D6-CD02C2D68623}.Debug|x86.ActiveCfg = Debug|Any CPU
		{2900B43B-1031-4C0F-96D6-CD02C2D68623}.Release|Any CPU.ActiveCfg = Release|Any CPU
		{2900B43B-1031-4C0F-96D6-CD02C2D68623}.Release|Any CPU.Build.0 = Release|Any CPU
		{2900B43B-1031-4C0F-96D6-CD02C2D68623}.Release|Mixed Platforms.ActiveCfg = Release|Any CPU
		{2900B43B-1031-4C0F-96D6-CD02C2D68623}.Release|Mixed Platforms.Build.0 = Release|Any CPU
		{2900B43B-1031-4C0F-96D6-CD02C2D68623}.Release|x64.ActiveCfg = Release|Any CPU
		{2900B43B-1031-4C0F-96D6-CD02C2D68623}.Release|x86.ActiveCfg = Release|Any CPU
		{8F4C223E-4A6F-4053-9DBE-66429248A2DE}.Debug|Any CPU.ActiveCfg = Debug|Any CPU
		{8F4C223E-4A6F-4053-9DBE-66429248A2DE}.Debug|Any CPU.Build.0 = Debug|Any CPU
		{8F4C223E-4A6F-4053-9DBE-66429248A2DE}.Debug|Mixed Platforms.ActiveCfg = Debug|Any CPU
		{8F4C223E-4A6F-4053-9DBE-66429248A2DE}.Debug|Mixed Platforms.Build.0 = Debug|Any CPU
		{8F4C223E-4A6F-4053-9DBE-66429248A2DE}.Debug|x64.ActiveCfg = Debug|x64
		{8F4C223E-4A6F-4053-9DBE-66429248A2DE}.Debug|x86.ActiveCfg = Debug|Any CPU
		{8F4C223E-4A6F-4053-9DBE-66429248A2DE}.Release|Any CPU.ActiveCfg = Release|Any CPU
		{8F4C223E-4A6F-4053-9DBE-66429248A2DE}.Release|Any CPU.Build.0 = Release|Any CPU
		{8F4C223E-4A6F-4053-9DBE-66429248A2DE}.Release|Mixed Platforms.ActiveCfg = Release|Any CPU
		{8F4C223E-4A6F-4053-9DBE-66429248A2DE}.Release|Mixed Platforms.Build.0 = Release|Any CPU
		{8F4C223E-4A6F-4053-9DBE-66429248A2DE}.Release|x64.ActiveCfg = Release|Any CPU
		{8F4C223E-4A6F-4053-9DBE-66429248A2DE}.Release|x86.ActiveCfg = Release|Any CPU
		{8E8A23B5-2084-43DB-8C93-054EDFC1D3F1}.Debug|Any CPU.ActiveCfg = Debug|x86
		{8E8A23B5-2084-43DB-8C93-054EDFC1D3F1}.Debug|Mixed Platforms.ActiveCfg = Debug|x86
		{8E8A23B5-2084-43DB-8C93-054EDFC1D3F1}.Debug|Mixed Platforms.Build.0 = Debug|x86
		{8E8A23B5-2084-43DB-8C93-054EDFC1D3F1}.Debug|x64.ActiveCfg = Debug|x64
		{8E8A23B5-2084-43DB-8C93-054EDFC1D3F1}.Debug|x86.ActiveCfg = Debug|x86
		{8E8A23B5-2084-43DB-8C93-054EDFC1D3F1}.Debug|x86.Build.0 = Debug|x86
		{8E8A23B5-2084-43DB-8C93-054EDFC1D3F1}.Release|Any CPU.ActiveCfg = Release|x86
		{8E8A23B5-2084-43DB-8C93-054EDFC1D3F1}.Release|Mixed Platforms.ActiveCfg = Release|x86
		{8E8A23B5-2084-43DB-8C93-054EDFC1D3F1}.Release|Mixed Platforms.Build.0 = Release|x86
		{8E8A23B5-2084-43DB-8C93-054EDFC1D3F1}.Release|x64.ActiveCfg = Release|x86
		{8E8A23B5-2084-43DB-8C93-054EDFC1D3F1}.Release|x86.ActiveCfg = Release|x86
		{8E8A23B5-2084-43DB-8C93-054EDFC1D3F1}.Release|x86.Build.0 = Release|x86
		{A95339D4-D201-4DC8-B57B-596441944173}.Debug|Any CPU.ActiveCfg = Debug
		{A95339D4-D201-4DC8-B57B-596441944173}.Debug|Mixed Platforms.ActiveCfg = Debug
		{A95339D4-D201-4DC8-B57B-596441944173}.Debug|x64.ActiveCfg = Debug
		{A95339D4-D201-4DC8-B57B-596441944173}.Debug|x64.Build.0 = Debug
		{A95339D4-D201-4DC8-B57B-596441944173}.Debug|x86.ActiveCfg = Debug
		{A95339D4-D201-4DC8-B57B-596441944173}.Release|Any CPU.ActiveCfg = Release
		{A95339D4-D201-4DC8-B57B-596441944173}.Release|Mixed Platforms.ActiveCfg = Release
		{A95339D4-D201-4DC8-B57B-596441944173}.Release|x64.ActiveCfg = Release
		{A95339D4-D201-4DC8-B57B-596441944173}.Release|x64.Build.0 = Release
		{A95339D4-D201-4DC8-B57B-596441944173}.Release|x86.ActiveCfg = Release
		{F07BDF15-682C-4C83-86FA-75960D32B662}.Debug|Any CPU.ActiveCfg = Debug|Any CPU
		{F07BDF15-682C-4C83-86FA-75960D32B662}.Debug|Any CPU.Build.0 = Debug|Any CPU
		{F07BDF15-682C-4C83-86FA-75960D32B662}.Debug|Mixed Platforms.ActiveCfg = Debug|Any CPU
		{F07BDF15-682C-4C83-86FA-75960D32B662}.Debug|Mixed Platforms.Build.0 = Debug|Any CPU
		{F07BDF15-682C-4C83-86FA-75960D32B662}.Debug|x64.ActiveCfg = Debug|x64
		{F07BDF15-682C-4C83-86FA-75960D32B662}.Debug|x86.ActiveCfg = Debug|Any CPU
		{F07BDF15-682C-4C83-86FA-75960D32B662}.Release|Any CPU.ActiveCfg = Release|Any CPU
		{F07BDF15-682C-4C83-86FA-75960D32B662}.Release|Any CPU.Build.0 = Release|Any CPU
		{F07BDF15-682C-4C83-86FA-75960D32B662}.Release|Mixed Platforms.ActiveCfg = Release|Any CPU
		{F07BDF15-682C-4C83-86FA-75960D32B662}.Release|Mixed Platforms.Build.0 = Release|Any CPU
		{F07BDF15-682C-4C83-86FA-75960D32B662}.Release|x64.ActiveCfg = Release|Any CPU
		{F07BDF15-682C-4C83-86FA-75960D32B662}.Release|x86.ActiveCfg = Release|Any CPU
		{92D3A07A-286F-4FD0-8F08-069AE8437BAA}.Debug|Any CPU.ActiveCfg = Debug
		{92D3A07A-286F-4FD0-8F08-069AE8437BAA}.Debug|Any CPU.Build.0 = Debug
		{92D3A07A-286F-4FD0-8F08-069AE8437BAA}.Debug|Mixed Platforms.ActiveCfg = Debug
		{92D3A07A-286F-4FD0-8F08-069AE8437BAA}.Debug|x64.ActiveCfg = Debug
		{92D3A07A-286F-4FD0-8F08-069AE8437BAA}.Debug|x64.Build.0 = Debug
		{92D3A07A-286F-4FD0-8F08-069AE8437BAA}.Debug|x86.ActiveCfg = Debug
		{92D3A07A-286F-4FD0-8F08-069AE8437BAA}.Debug|x86.Build.0 = Debug
		{92D3A07A-286F-4FD0-8F08-069AE8437BAA}.Release|Any CPU.ActiveCfg = Release
		{92D3A07A-286F-4FD0-8F08-069AE8437BAA}.Release|Any CPU.Build.0 = Release
		{92D3A07A-286F-4FD0-8F08-069AE8437BAA}.Release|Mixed Platforms.ActiveCfg = Release
		{92D3A07A-286F-4FD0-8F08-069AE8437BAA}.Release|x64.ActiveCfg = Release
		{92D3A07A-286F-4FD0-8F08-069AE8437BAA}.Release|x64.Build.0 = Release
		{92D3A07A-286F-4FD0-8F08-069AE8437BAA}.Release|x86.ActiveCfg = Release
		{92D3A07A-286F-4FD0-8F08-069AE8437BAA}.Release|x86.Build.0 = Release
		{76CF4EF0-257A-4D90-96B2-FAF9AFE0751C}.Debug|Any CPU.ActiveCfg = Debug|Any CPU
		{76CF4EF0-257A-4D90-96B2-FAF9AFE0751C}.Debug|Any CPU.Build.0 = Debug|Any CPU
		{76CF4EF0-257A-4D90-96B2-FAF9AFE0751C}.Debug|Mixed Platforms.ActiveCfg = Debug|Any CPU
		{76CF4EF0-257A-4D90-96B2-FAF9AFE0751C}.Debug|Mixed Platforms.Build.0 = Debug|Any CPU
		{76CF4EF0-257A-4D90-96B2-FAF9AFE0751C}.Debug|x64.ActiveCfg = Debug|x64
		{76CF4EF0-257A-4D90-96B2-FAF9AFE0751C}.Debug|x86.ActiveCfg = Debug|Any CPU
		{76CF4EF0-257A-4D90-96B2-FAF9AFE0751C}.Release|Any CPU.ActiveCfg = Release|Any CPU
		{76CF4EF0-257A-4D90-96B2-FAF9AFE0751C}.Release|Any CPU.Build.0 = Release|Any CPU
		{76CF4EF0-257A-4D90-96B2-FAF9AFE0751C}.Release|Mixed Platforms.ActiveCfg = Release|Any CPU
		{76CF4EF0-257A-4D90-96B2-FAF9AFE0751C}.Release|Mixed Platforms.Build.0 = Release|Any CPU
		{76CF4EF0-257A-4D90-96B2-FAF9AFE0751C}.Release|x64.ActiveCfg = Release|Any CPU
		{76CF4EF0-257A-4D90-96B2-FAF9AFE0751C}.Release|x86.ActiveCfg = Release|Any CPU
		{B3BCD567-59D0-443A-8D0A-AD936DCB2565}.Debug|Any CPU.ActiveCfg = Debug|Any CPU
		{B3BCD567-59D0-443A-8D0A-AD936DCB2565}.Debug|Any CPU.Build.0 = Debug|Any CPU
		{B3BCD567-59D0-443A-8D0A-AD936DCB2565}.Debug|Mixed Platforms.ActiveCfg = Debug|Any CPU
		{B3BCD567-59D0-443A-8D0A-AD936DCB2565}.Debug|Mixed Platforms.Build.0 = Debug|Any CPU
		{B3BCD567-59D0-443A-8D0A-AD936DCB2565}.Debug|x64.ActiveCfg = Debug|x64
		{B3BCD567-59D0-443A-8D0A-AD936DCB2565}.Debug|x86.ActiveCfg = Debug|Any CPU
		{B3BCD567-59D0-443A-8D0A-AD936DCB2565}.Release|Any CPU.ActiveCfg = Release|Any CPU
		{B3BCD567-59D0-443A-8D0A-AD936DCB2565}.Release|Any CPU.Build.0 = Release|Any CPU
		{B3BCD567-59D0-443A-8D0A-AD936DCB2565}.Release|Mixed Platforms.ActiveCfg = Release|Any CPU
		{B3BCD567-59D0-443A-8D0A-AD936DCB2565}.Release|Mixed Platforms.Build.0 = Release|Any CPU
		{B3BCD567-59D0-443A-8D0A-AD936DCB2565}.Release|x64.ActiveCfg = Release|Any CPU
		{B3BCD567-59D0-443A-8D0A-AD936DCB2565}.Release|x86.ActiveCfg = Release|Any CPU
		{C7A2FD85-3455-4CC4-8DF4-960707AB3EBA}.Debug|Any CPU.ActiveCfg = Debug|Any CPU
		{C7A2FD85-3455-4CC4-8DF4-960707AB3EBA}.Debug|Any CPU.Build.0 = Debug|Any CPU
		{C7A2FD85-3455-4CC4-8DF4-960707AB3EBA}.Debug|Mixed Platforms.ActiveCfg = Debug|Any CPU
		{C7A2FD85-3455-4CC4-8DF4-960707AB3EBA}.Debug|Mixed Platforms.Build.0 = Debug|Any CPU
		{C7A2FD85-3455-4CC4-8DF4-960707AB3EBA}.Debug|x64.ActiveCfg = Debug|x64
		{C7A2FD85-3455-4CC4-8DF4-960707AB3EBA}.Debug|x86.ActiveCfg = Debug|Any CPU
		{C7A2FD85-3455-4CC4-8DF4-960707AB3EBA}.Release|Any CPU.ActiveCfg = Release|Any CPU
		{C7A2FD85-3455-4CC4-8DF4-960707AB3EBA}.Release|Any CPU.Build.0 = Release|Any CPU
		{C7A2FD85-3455-4CC4-8DF4-960707AB3EBA}.Release|Mixed Platforms.ActiveCfg = Release|Any CPU
		{C7A2FD85-3455-4CC4-8DF4-960707AB3EBA}.Release|Mixed Platforms.Build.0 = Release|Any CPU
		{C7A2FD85-3455-4CC4-8DF4-960707AB3EBA}.Release|x64.ActiveCfg = Release|Any CPU
		{C7A2FD85-3455-4CC4-8DF4-960707AB3EBA}.Release|x86.ActiveCfg = Release|Any CPU
		{1222821C-4F56-416A-8F9D-A861422ABC29}.Debug|Any CPU.ActiveCfg = Debug|Any CPU
		{1222821C-4F56-416A-8F9D-A861422ABC29}.Debug|Any CPU.Build.0 = Debug|Any CPU
		{1222821C-4F56-416A-8F9D-A861422ABC29}.Debug|Mixed Platforms.ActiveCfg = Debug|Any CPU
		{1222821C-4F56-416A-8F9D-A861422ABC29}.Debug|Mixed Platforms.Build.0 = Debug|Any CPU
		{1222821C-4F56-416A-8F9D-A861422ABC29}.Debug|x64.ActiveCfg = Debug|x64
		{1222821C-4F56-416A-8F9D-A861422ABC29}.Debug|x86.ActiveCfg = Debug|Any CPU
		{1222821C-4F56-416A-8F9D-A861422ABC29}.Release|Any CPU.ActiveCfg = Release|Any CPU
		{1222821C-4F56-416A-8F9D-A861422ABC29}.Release|Any CPU.Build.0 = Release|Any CPU
		{1222821C-4F56-416A-8F9D-A861422ABC29}.Release|Mixed Platforms.ActiveCfg = Release|Any CPU
		{1222821C-4F56-416A-8F9D-A861422ABC29}.Release|Mixed Platforms.Build.0 = Release|Any CPU
		{1222821C-4F56-416A-8F9D-A861422ABC29}.Release|x64.ActiveCfg = Release|Any CPU
		{1222821C-4F56-416A-8F9D-A861422ABC29}.Release|x86.ActiveCfg = Release|Any CPU
		{01039850-64B9-450A-B4CF-2CE907AB92E5}.Debug|Any CPU.ActiveCfg = Debug|Any CPU
		{01039850-64B9-450A-B4CF-2CE907AB92E5}.Debug|Any CPU.Build.0 = Debug|Any CPU
		{01039850-64B9-450A-B4CF-2CE907AB92E5}.Debug|Mixed Platforms.ActiveCfg = Debug|Any CPU
		{01039850-64B9-450A-B4CF-2CE907AB92E5}.Debug|Mixed Platforms.Build.0 = Debug|Any CPU
		{01039850-64B9-450A-B4CF-2CE907AB92E5}.Debug|x64.ActiveCfg = Debug|x64
		{01039850-64B9-450A-B4CF-2CE907AB92E5}.Debug|x86.ActiveCfg = Debug|Any CPU
		{01039850-64B9-450A-B4CF-2CE907AB92E5}.Release|Any CPU.ActiveCfg = Release|Any CPU
		{01039850-64B9-450A-B4CF-2CE907AB92E5}.Release|Any CPU.Build.0 = Release|Any CPU
		{01039850-64B9-450A-B4CF-2CE907AB92E5}.Release|Mixed Platforms.ActiveCfg = Release|Any CPU
		{01039850-64B9-450A-B4CF-2CE907AB92E5}.Release|Mixed Platforms.Build.0 = Release|Any CPU
		{01039850-64B9-450A-B4CF-2CE907AB92E5}.Release|x64.ActiveCfg = Release|Any CPU
		{01039850-64B9-450A-B4CF-2CE907AB92E5}.Release|x86.ActiveCfg = Release|Any CPU
		{03EF3E6D-740E-427C-8C09-D9B7787D6EE1}.Debug|Any CPU.ActiveCfg = Debug|Any CPU
		{03EF3E6D-740E-427C-8C09-D9B7787D6EE1}.Debug|Any CPU.Build.0 = Debug|Any CPU
		{03EF3E6D-740E-427C-8C09-D9B7787D6EE1}.Debug|Mixed Platforms.ActiveCfg = Debug|Any CPU
		{03EF3E6D-740E-427C-8C09-D9B7787D6EE1}.Debug|Mixed Platforms.Build.0 = Debug|Any CPU
		{03EF3E6D-740E-427C-8C09-D9B7787D6EE1}.Debug|x64.ActiveCfg = Debug|x64
		{03EF3E6D-740E-427C-8C09-D9B7787D6EE1}.Debug|x86.ActiveCfg = Debug|Any CPU
		{03EF3E6D-740E-427C-8C09-D9B7787D6EE1}.Release|Any CPU.ActiveCfg = Release|Any CPU
		{03EF3E6D-740E-427C-8C09-D9B7787D6EE1}.Release|Any CPU.Build.0 = Release|Any CPU
		{03EF3E6D-740E-427C-8C09-D9B7787D6EE1}.Release|Mixed Platforms.ActiveCfg = Release|Any CPU
		{03EF3E6D-740E-427C-8C09-D9B7787D6EE1}.Release|Mixed Platforms.Build.0 = Release|Any CPU
		{03EF3E6D-740E-427C-8C09-D9B7787D6EE1}.Release|x64.ActiveCfg = Release|Any CPU
		{03EF3E6D-740E-427C-8C09-D9B7787D6EE1}.Release|x86.ActiveCfg = Release|Any CPU
		{77E8A490-BE85-4EB1-B8A2-C4F80784C4E5}.Debug|Any CPU.ActiveCfg = Debug|x86
		{77E8A490-BE85-4EB1-B8A2-C4F80784C4E5}.Debug|Mixed Platforms.ActiveCfg = Debug|x86
		{77E8A490-BE85-4EB1-B8A2-C4F80784C4E5}.Debug|Mixed Platforms.Build.0 = Debug|x86
		{77E8A490-BE85-4EB1-B8A2-C4F80784C4E5}.Debug|x64.ActiveCfg = Debug|x64
		{77E8A490-BE85-4EB1-B8A2-C4F80784C4E5}.Debug|x86.ActiveCfg = Debug|x86
		{77E8A490-BE85-4EB1-B8A2-C4F80784C4E5}.Debug|x86.Build.0 = Debug|x86
		{77E8A490-BE85-4EB1-B8A2-C4F80784C4E5}.Release|Any CPU.ActiveCfg = Release|x86
		{77E8A490-BE85-4EB1-B8A2-C4F80784C4E5}.Release|Mixed Platforms.ActiveCfg = Release|x86
		{77E8A490-BE85-4EB1-B8A2-C4F80784C4E5}.Release|x64.ActiveCfg = Release|x86
		{77E8A490-BE85-4EB1-B8A2-C4F80784C4E5}.Release|x86.ActiveCfg = Release|x86
		{77E8A490-BE85-4EB1-B8A2-C4F80784C4E5}.Release|x86.Build.0 = Release|x86
		{B67F97EC-FAC0-4ACC-B9B6-7DB7FD0CB487}.Debug|Any CPU.ActiveCfg = Debug|Any CPU
		{B67F97EC-FAC0-4ACC-B9B6-7DB7FD0CB487}.Debug|Any CPU.Build.0 = Debug|Any CPU
		{B67F97EC-FAC0-4ACC-B9B6-7DB7FD0CB487}.Debug|Mixed Platforms.ActiveCfg = Debug|Any CPU
		{B67F97EC-FAC0-4ACC-B9B6-7DB7FD0CB487}.Debug|Mixed Platforms.Build.0 = Debug|Any CPU
		{B67F97EC-FAC0-4ACC-B9B6-7DB7FD0CB487}.Debug|x64.ActiveCfg = Debug|x64
		{B67F97EC-FAC0-4ACC-B9B6-7DB7FD0CB487}.Debug|x86.ActiveCfg = Debug|Any CPU
		{B67F97EC-FAC0-4ACC-B9B6-7DB7FD0CB487}.Release|Any CPU.ActiveCfg = Release|Any CPU
		{B67F97EC-FAC0-4ACC-B9B6-7DB7FD0CB487}.Release|Any CPU.Build.0 = Release|Any CPU
		{B67F97EC-FAC0-4ACC-B9B6-7DB7FD0CB487}.Release|Mixed Platforms.ActiveCfg = Release|Any CPU
		{B67F97EC-FAC0-4ACC-B9B6-7DB7FD0CB487}.Release|Mixed Platforms.Build.0 = Release|Any CPU
		{B67F97EC-FAC0-4ACC-B9B6-7DB7FD0CB487}.Release|x64.ActiveCfg = Release|Any CPU
		{B67F97EC-FAC0-4ACC-B9B6-7DB7FD0CB487}.Release|x86.ActiveCfg = Release|Any CPU
		{35480BA3-4177-4191-9B10-7D2E64192FAC}.Debug|Any CPU.ActiveCfg = Debug|x86
		{35480BA3-4177-4191-9B10-7D2E64192FAC}.Debug|Mixed Platforms.ActiveCfg = Debug|x86
		{35480BA3-4177-4191-9B10-7D2E64192FAC}.Debug|Mixed Platforms.Build.0 = Debug|x86
		{35480BA3-4177-4191-9B10-7D2E64192FAC}.Debug|x64.ActiveCfg = Debug|x64
		{35480BA3-4177-4191-9B10-7D2E64192FAC}.Debug|x64.Build.0 = Debug|x64
		{35480BA3-4177-4191-9B10-7D2E64192FAC}.Debug|x86.ActiveCfg = Debug|x86
		{35480BA3-4177-4191-9B10-7D2E64192FAC}.Debug|x86.Build.0 = Debug|x86
		{35480BA3-4177-4191-9B10-7D2E64192FAC}.Release|Any CPU.ActiveCfg = Release|x86
		{35480BA3-4177-4191-9B10-7D2E64192FAC}.Release|Mixed Platforms.ActiveCfg = Release|x86
		{35480BA3-4177-4191-9B10-7D2E64192FAC}.Release|Mixed Platforms.Build.0 = Release|x86
		{35480BA3-4177-4191-9B10-7D2E64192FAC}.Release|x64.ActiveCfg = Release|x64
		{35480BA3-4177-4191-9B10-7D2E64192FAC}.Release|x64.Build.0 = Release|x64
		{35480BA3-4177-4191-9B10-7D2E64192FAC}.Release|x86.ActiveCfg = Release|x86
		{35480BA3-4177-4191-9B10-7D2E64192FAC}.Release|x86.Build.0 = Release|x86
		{3FBE4C16-26FC-4836-BBC0-A0BFFD943719}.Debug|Any CPU.ActiveCfg = Debug
		{3FBE4C16-26FC-4836-BBC0-A0BFFD943719}.Debug|Mixed Platforms.ActiveCfg = Debug
		{3FBE4C16-26FC-4836-BBC0-A0BFFD943719}.Debug|x64.ActiveCfg = Debug
		{3FBE4C16-26FC-4836-BBC0-A0BFFD943719}.Debug|x64.Build.0 = Debug
		{3FBE4C16-26FC-4836-BBC0-A0BFFD943719}.Debug|x86.ActiveCfg = Debug
		{3FBE4C16-26FC-4836-BBC0-A0BFFD943719}.Release|Any CPU.ActiveCfg = Release
		{3FBE4C16-26FC-4836-BBC0-A0BFFD943719}.Release|Mixed Platforms.ActiveCfg = Release
		{3FBE4C16-26FC-4836-BBC0-A0BFFD943719}.Release|x64.ActiveCfg = Release
		{3FBE4C16-26FC-4836-BBC0-A0BFFD943719}.Release|x64.Build.0 = Release
		{3FBE4C16-26FC-4836-BBC0-A0BFFD943719}.Release|x86.ActiveCfg = Release
		{99477CE9-4CF7-4418-AA9F-EF5E59CAC9D4}.Debug|Any CPU.ActiveCfg = Debug
		{99477CE9-4CF7-4418-AA9F-EF5E59CAC9D4}.Debug|Mixed Platforms.ActiveCfg = Debug
		{99477CE9-4CF7-4418-AA9F-EF5E59CAC9D4}.Debug|x64.ActiveCfg = Debug
		{99477CE9-4CF7-4418-AA9F-EF5E59CAC9D4}.Debug|x86.ActiveCfg = Debug
		{99477CE9-4CF7-4418-AA9F-EF5E59CAC9D4}.Release|Any CPU.ActiveCfg = Release
		{99477CE9-4CF7-4418-AA9F-EF5E59CAC9D4}.Release|Mixed Platforms.ActiveCfg = Release
		{99477CE9-4CF7-4418-AA9F-EF5E59CAC9D4}.Release|x64.ActiveCfg = Release
		{99477CE9-4CF7-4418-AA9F-EF5E59CAC9D4}.Release|x86.ActiveCfg = Release
		{C79BA59E-5157-40A1-BC4A-6335984B92FD}.Debug|Any CPU.ActiveCfg = Debug|Any CPU
		{C79BA59E-5157-40A1-BC4A-6335984B92FD}.Debug|Any CPU.Build.0 = Debug|Any CPU
		{C79BA59E-5157-40A1-BC4A-6335984B92FD}.Debug|Mixed Platforms.ActiveCfg = Debug|Any CPU
		{C79BA59E-5157-40A1-BC4A-6335984B92FD}.Debug|Mixed Platforms.Build.0 = Debug|Any CPU
		{C79BA59E-5157-40A1-BC4A-6335984B92FD}.Debug|x64.ActiveCfg = Debug|x64
		{C79BA59E-5157-40A1-BC4A-6335984B92FD}.Debug|x86.ActiveCfg = Debug|Any CPU
		{C79BA59E-5157-40A1-BC4A-6335984B92FD}.Release|Any CPU.ActiveCfg = Release|Any CPU
		{C79BA59E-5157-40A1-BC4A-6335984B92FD}.Release|Any CPU.Build.0 = Release|Any CPU
		{C79BA59E-5157-40A1-BC4A-6335984B92FD}.Release|Mixed Platforms.ActiveCfg = Release|Any CPU
		{C79BA59E-5157-40A1-BC4A-6335984B92FD}.Release|Mixed Platforms.Build.0 = Release|Any CPU
		{C79BA59E-5157-40A1-BC4A-6335984B92FD}.Release|x64.ActiveCfg = Release|Any CPU
		{C79BA59E-5157-40A1-BC4A-6335984B92FD}.Release|x86.ActiveCfg = Release|Any CPU
		{2871F480-4A5F-411A-979B-8BD99AA2774D}.Debug|Any CPU.ActiveCfg = Debug|Any CPU
		{2871F480-4A5F-411A-979B-8BD99AA2774D}.Debug|Any CPU.Build.0 = Debug|Any CPU
		{2871F480-4A5F-411A-979B-8BD99AA2774D}.Debug|Mixed Platforms.ActiveCfg = Debug|Any CPU
		{2871F480-4A5F-411A-979B-8BD99AA2774D}.Debug|Mixed Platforms.Build.0 = Debug|Any CPU
		{2871F480-4A5F-411A-979B-8BD99AA2774D}.Debug|x64.ActiveCfg = Debug|x64
		{2871F480-4A5F-411A-979B-8BD99AA2774D}.Debug|x86.ActiveCfg = Debug|Any CPU
		{2871F480-4A5F-411A-979B-8BD99AA2774D}.Release|Any CPU.ActiveCfg = Release|Any CPU
		{2871F480-4A5F-411A-979B-8BD99AA2774D}.Release|Any CPU.Build.0 = Release|Any CPU
		{2871F480-4A5F-411A-979B-8BD99AA2774D}.Release|Mixed Platforms.ActiveCfg = Release|Any CPU
		{2871F480-4A5F-411A-979B-8BD99AA2774D}.Release|Mixed Platforms.Build.0 = Release|Any CPU
		{2871F480-4A5F-411A-979B-8BD99AA2774D}.Release|x64.ActiveCfg = Release|Any CPU
		{2871F480-4A5F-411A-979B-8BD99AA2774D}.Release|x86.ActiveCfg = Release|Any CPU
		{65113C03-7D5F-4597-A2CC-C7988E2012E3}.Debug|Any CPU.ActiveCfg = Debug|Any CPU
		{65113C03-7D5F-4597-A2CC-C7988E2012E3}.Debug|Any CPU.Build.0 = Debug|Any CPU
		{65113C03-7D5F-4597-A2CC-C7988E2012E3}.Debug|Mixed Platforms.ActiveCfg = Debug|Any CPU
		{65113C03-7D5F-4597-A2CC-C7988E2012E3}.Debug|Mixed Platforms.Build.0 = Debug|Any CPU
		{65113C03-7D5F-4597-A2CC-C7988E2012E3}.Debug|x64.ActiveCfg = Debug|x64
		{65113C03-7D5F-4597-A2CC-C7988E2012E3}.Debug|x86.ActiveCfg = Debug|Any CPU
		{65113C03-7D5F-4597-A2CC-C7988E2012E3}.Release|Any CPU.ActiveCfg = Release|Any CPU
		{65113C03-7D5F-4597-A2CC-C7988E2012E3}.Release|Any CPU.Build.0 = Release|Any CPU
		{65113C03-7D5F-4597-A2CC-C7988E2012E3}.Release|Mixed Platforms.ActiveCfg = Release|Any CPU
		{65113C03-7D5F-4597-A2CC-C7988E2012E3}.Release|Mixed Platforms.Build.0 = Release|Any CPU
		{65113C03-7D5F-4597-A2CC-C7988E2012E3}.Release|x64.ActiveCfg = Release|Any CPU
		{65113C03-7D5F-4597-A2CC-C7988E2012E3}.Release|x86.ActiveCfg = Release|Any CPU
	EndGlobalSection
	GlobalSection(SolutionProperties) = preSolution
		HideSolutionNode = FALSE
	EndGlobalSection
	GlobalSection(NestedProjects) = preSolution
		{4993806D-1D67-490B-BDD0-D71A25E03245} = {57D451C2-647D-44D4-AB32-A6C957C16E77}
		{32811E3E-20E6-4CEA-92FA-06169FA302D5} = {57D451C2-647D-44D4-AB32-A6C957C16E77}
		{EBF1EF95-D295-4CC7-A48D-584D62FEE806} = {57D451C2-647D-44D4-AB32-A6C957C16E77}
		{DDA34127-FB33-44DE-BF26-2D6CF3B47C5D} = {57D451C2-647D-44D4-AB32-A6C957C16E77}
		{63D0041D-2109-43E9-BC7E-0C0B82BDBEA0} = {57D451C2-647D-44D4-AB32-A6C957C16E77}
		{4FCD476F-58B4-40AC-A09B-8CC001563C07} = {57D451C2-647D-44D4-AB32-A6C957C16E77}
		{DFF09A36-18A4-43D5-B852-CF6DB0D5A148} = {57D451C2-647D-44D4-AB32-A6C957C16E77}
		{5BBF7708-7343-4373-88B8-60F339BA97D0} = {57D451C2-647D-44D4-AB32-A6C957C16E77}
		{B52B56A5-711C-4869-8579-3E2BD83589D8} = {57D451C2-647D-44D4-AB32-A6C957C16E77}
		{45EE1BC7-C55D-45C9-A0FB-CE6FA4C011BC} = {57D451C2-647D-44D4-AB32-A6C957C16E77}
		{A9D626F9-FBBB-4298-8709-9416FE745A31} = {57D451C2-647D-44D4-AB32-A6C957C16E77}
		{85A8DB2F-D545-4738-971C-32C1311FC730} = {57D451C2-647D-44D4-AB32-A6C957C16E77}
		{68EF3491-14CD-44FB-9516-2C24389B4C3D} = {57D451C2-647D-44D4-AB32-A6C957C16E77}
		{D4C15416-161D-4A6F-9BF9-BC19CBB3CB50} = {57D451C2-647D-44D4-AB32-A6C957C16E77}
		{F07BDF15-682C-4C83-86FA-75960D32B662} = {57D451C2-647D-44D4-AB32-A6C957C16E77}
		{76CF4EF0-257A-4D90-96B2-FAF9AFE0751C} = {57D451C2-647D-44D4-AB32-A6C957C16E77}
		{B3BCD567-59D0-443A-8D0A-AD936DCB2565} = {57D451C2-647D-44D4-AB32-A6C957C16E77}
		{01039850-64B9-450A-B4CF-2CE907AB92E5} = {57D451C2-647D-44D4-AB32-A6C957C16E77}
		{03EF3E6D-740E-427C-8C09-D9B7787D6EE1} = {57D451C2-647D-44D4-AB32-A6C957C16E77}
		{B67F97EC-FAC0-4ACC-B9B6-7DB7FD0CB487} = {57D451C2-647D-44D4-AB32-A6C957C16E77}
		{C79BA59E-5157-40A1-BC4A-6335984B92FD} = {57D451C2-647D-44D4-AB32-A6C957C16E77}
		{2871F480-4A5F-411A-979B-8BD99AA2774D} = {57D451C2-647D-44D4-AB32-A6C957C16E77}
		{6ED21B3D-4E8F-4F2D-9EF5-2A352D2E8F4F} = {18D8BFD0-DCD2-4C43-A62E-19A555AC1284}
		{086E4E26-FE28-4505-A54B-412FDD7B0D15} = {18D8BFD0-DCD2-4C43-A62E-19A555AC1284}
		{35D02055-6D80-4055-9BB2-70E8D9E289EC} = {18D8BFD0-DCD2-4C43-A62E-19A555AC1284}
		{03BE1018-E811-44E1-934C-0D4C32324176} = {612D1C7E-646C-462D-B444-B4A50EA0E0E4}
		{3B4C8D68-9C94-4039-8601-FF1BA3B6108E} = {612D1C7E-646C-462D-B444-B4A50EA0E0E4}
		{DC112F80-EDDC-4B6F-B1B1-FA313764A20D} = {612D1C7E-646C-462D-B444-B4A50EA0E0E4}
		{8F4C223E-4A6F-4053-9DBE-66429248A2DE} = {612D1C7E-646C-462D-B444-B4A50EA0E0E4}
		{65113C03-7D5F-4597-A2CC-C7988E2012E3} = {612D1C7E-646C-462D-B444-B4A50EA0E0E4}
		{FC1E990A-B67E-45D9-AAB5-01D4E4A61DB4} = {4FCD476F-58B4-40AC-A09B-8CC001563C07}
		{F0509F45-4915-4824-9709-9F957E5528CE} = {4FCD476F-58B4-40AC-A09B-8CC001563C07}
		{CF96832F-1124-4049-8094-E2F11B912637} = {4FCD476F-58B4-40AC-A09B-8CC001563C07}
		{1B114BF8-F1E2-4EC6-AAA2-A69E4FFE24D7} = {4FCD476F-58B4-40AC-A09B-8CC001563C07}
		{78B9F420-8B2A-4AEC-A9C8-2A24F8E03FD7} = {4FCD476F-58B4-40AC-A09B-8CC001563C07}
		{C7A2FD85-3455-4CC4-8DF4-960707AB3EBA} = {4FCD476F-58B4-40AC-A09B-8CC001563C07}
		{1222821C-4F56-416A-8F9D-A861422ABC29} = {4FCD476F-58B4-40AC-A09B-8CC001563C07}
		{089868C2-BCF0-406C-AC72-08067E4E4ECC} = {45EE1BC7-C55D-45C9-A0FB-CE6FA4C011BC}
		{A95339D4-D201-4DC8-B57B-596441944173} = {E6FA6569-2129-4AFA-8B39-7CAEBBA76581}
		{92D3A07A-286F-4FD0-8F08-069AE8437BAA} = {E6FA6569-2129-4AFA-8B39-7CAEBBA76581}
		{3FBE4C16-26FC-4836-BBC0-A0BFFD943719} = {E6FA6569-2129-4AFA-8B39-7CAEBBA76581}
		{99477CE9-4CF7-4418-AA9F-EF5E59CAC9D4} = {E6FA6569-2129-4AFA-8B39-7CAEBBA76581}
		{2900B43B-1031-4C0F-96D6-CD02C2D68623} = {597505EB-4E64-4CCF-B428-0B23A6605692}
		{8E8A23B5-2084-43DB-8C93-054EDFC1D3F1} = {597505EB-4E64-4CCF-B428-0B23A6605692}
		{35480BA3-4177-4191-9B10-7D2E64192FAC} = {597505EB-4E64-4CCF-B428-0B23A6605692}
		{77E8A490-BE85-4EB1-B8A2-C4F80784C4E5} = {D67D50C5-0C33-48AD-AF77-026A6C0E1C1A}
	EndGlobalSection
EndGlobal
